// !$*UTF8*$!
{
	archiveVersion = 1;
	classes = {
	};
	objectVersion = 50;
	objects = {

/* Begin PBXBuildFile section */
		0800314723B68FAB00720217 /* UIViewController+Snapshot.swift in Sources */ = {isa = PBXBuildFile; fileRef = 0800314623B68FAB00720217 /* UIViewController+Snapshot.swift */; };
		0800314923B6909A00720217 /* XCTestCase+Snapshot.swift in Sources */ = {isa = PBXBuildFile; fileRef = 0800314823B6909A00720217 /* XCTestCase+Snapshot.swift */; };
		0804862E236345A40087ED48 /* FeedImageDataCache.swift in Sources */ = {isa = PBXBuildFile; fileRef = 0804862D236345A40087ED48 /* FeedImageDataCache.swift */; };
		080EDEFB21B6DA7E00813479 /* EssentialFeed.framework in Frameworks */ = {isa = PBXBuildFile; fileRef = 080EDEF121B6DA7E00813479 /* EssentialFeed.framework */; };
		080EDF0C21B6DAE800813479 /* FeedImage.swift in Sources */ = {isa = PBXBuildFile; fileRef = 080EDF0B21B6DAE800813479 /* FeedImage.swift */; };
		080EDF0E21B6DCB600813479 /* FeedLoader.swift in Sources */ = {isa = PBXBuildFile; fileRef = 080EDF0D21B6DCB600813479 /* FeedLoader.swift */; };
		081C0DAF22491A2400AC754E /* ValidateFeedCacheUseCaseTests.swift in Sources */ = {isa = PBXBuildFile; fileRef = 081C0DAE22491A2400AC754E /* ValidateFeedCacheUseCaseTests.swift */; };
		081C0DB122491E1200AC754E /* FeedCacheTestHelpers.swift in Sources */ = {isa = PBXBuildFile; fileRef = 081C0DB022491E1200AC754E /* FeedCacheTestHelpers.swift */; };
		081C0DB322491EEF00AC754E /* SharedTestHelpers.swift in Sources */ = {isa = PBXBuildFile; fileRef = 081C0DB222491EEF00AC754E /* SharedTestHelpers.swift */; };
		0822D0F123056FEB004B3345 /* Feed.storyboard in Resources */ = {isa = PBXBuildFile; fileRef = 0822D0F023056FEB004B3345 /* Feed.storyboard */; };
		0822D0F3230570F3004B3345 /* Feed.xcassets in Resources */ = {isa = PBXBuildFile; fileRef = 0822D0F2230570F3004B3345 /* Feed.xcassets */; };
		0822D0F523058078004B3345 /* UITableView+Dequeueing.swift in Sources */ = {isa = PBXBuildFile; fileRef = 0822D0F423058078004B3345 /* UITableView+Dequeueing.swift */; };
		0822D0F7230581D2004B3345 /* UIImageView+Animations.swift in Sources */ = {isa = PBXBuildFile; fileRef = 0822D0F6230581D2004B3345 /* UIImageView+Animations.swift */; };
		08285AEF228BF7E3000A8987 /* CoreDataFeedStoreTests.swift in Sources */ = {isa = PBXBuildFile; fileRef = 08285AEE228BF7E3000A8987 /* CoreDataFeedStoreTests.swift */; };
		08285AF1228BF91E000A8987 /* CoreDataFeedStore.swift in Sources */ = {isa = PBXBuildFile; fileRef = 08285AF0228BF91E000A8987 /* CoreDataFeedStore.swift */; };
		08285AF4228BFAFF000A8987 /* FeedStore.xcdatamodeld in Sources */ = {isa = PBXBuildFile; fileRef = 08285AF2228BFAFF000A8987 /* FeedStore.xcdatamodeld */; };
		08285AFB228C17B8000A8987 /* CoreDataHelpers.swift in Sources */ = {isa = PBXBuildFile; fileRef = 08285AFA228C17B8000A8987 /* CoreDataHelpers.swift */; };
		08285AFD228C1843000A8987 /* ManagedCache.swift in Sources */ = {isa = PBXBuildFile; fileRef = 08285AFC228C1843000A8987 /* ManagedCache.swift */; };
		08285AFF228C1874000A8987 /* ManagedFeedImage.swift in Sources */ = {isa = PBXBuildFile; fileRef = 08285AFE228C1874000A8987 /* ManagedFeedImage.swift */; };
		082DB86421F763F900A71F69 /* URLSessionHTTPClientTests.swift in Sources */ = {isa = PBXBuildFile; fileRef = 082DB86321F763F900A71F69 /* URLSessionHTTPClientTests.swift */; };
		0832C68022A0223A00E1C5E9 /* EssentialFeedCacheIntegrationTests.swift in Sources */ = {isa = PBXBuildFile; fileRef = 0832C67F22A0223A00E1C5E9 /* EssentialFeedCacheIntegrationTests.swift */; };
		0832C68222A0223B00E1C5E9 /* EssentialFeed.framework in Frameworks */ = {isa = PBXBuildFile; fileRef = 080EDEF121B6DA7E00813479 /* EssentialFeed.framework */; };
		0832C68822A024E800E1C5E9 /* XCTestCase+MemoryLeakTracking.swift in Sources */ = {isa = PBXBuildFile; fileRef = 0844768E21FCB24E00439BE9 /* XCTestCase+MemoryLeakTracking.swift */; };
		0832C68922A0268400E1C5E9 /* FeedCacheTestHelpers.swift in Sources */ = {isa = PBXBuildFile; fileRef = 081C0DB022491E1200AC754E /* FeedCacheTestHelpers.swift */; };
		0832C68A22A026C100E1C5E9 /* SharedTestHelpers.swift in Sources */ = {isa = PBXBuildFile; fileRef = 081C0DB222491EEF00AC754E /* SharedTestHelpers.swift */; };
		0844768F21FCB24E00439BE9 /* XCTestCase+MemoryLeakTracking.swift in Sources */ = {isa = PBXBuildFile; fileRef = 0844768E21FCB24E00439BE9 /* XCTestCase+MemoryLeakTracking.swift */; };
		0844769121FCBE7D00439BE9 /* URLSessionHTTPClient.swift in Sources */ = {isa = PBXBuildFile; fileRef = 0844769021FCBE7D00439BE9 /* URLSessionHTTPClient.swift */; };
		0845C25E22035FBD003C5EF1 /* XCTestCase+MemoryLeakTracking.swift in Sources */ = {isa = PBXBuildFile; fileRef = 0844768E21FCB24E00439BE9 /* XCTestCase+MemoryLeakTracking.swift */; };
		086044FC233E1A3B005ECD22 /* FeedImageDataStoreSpy.swift in Sources */ = {isa = PBXBuildFile; fileRef = 086044FB233E1A3B005ECD22 /* FeedImageDataStoreSpy.swift */; };
		086044FE233E1A90005ECD22 /* CacheFeedImageDataUseCaseTests.swift in Sources */ = {isa = PBXBuildFile; fileRef = 086044FD233E1A90005ECD22 /* CacheFeedImageDataUseCaseTests.swift */; };
		08604500233E2294005ECD22 /* CoreDataFeedImageDataStoreTests.swift in Sources */ = {isa = PBXBuildFile; fileRef = 086044FF233E2294005ECD22 /* CoreDataFeedImageDataStoreTests.swift */; };
		08604503233E2917005ECD22 /* CoreDataFeedStore+FeedImageDataLoader.swift in Sources */ = {isa = PBXBuildFile; fileRef = 08604502233E2917005ECD22 /* CoreDataFeedStore+FeedImageDataLoader.swift */; };
		08604505233E316F005ECD22 /* CoreDataFeedStore+FeedStore.swift in Sources */ = {isa = PBXBuildFile; fileRef = 08604504233E316F005ECD22 /* CoreDataFeedStore+FeedStore.swift */; };
		086AEFB923A7DFA400EE8933 /* FeedSnapshotTests.swift in Sources */ = {isa = PBXBuildFile; fileRef = 086AEFB823A7DFA400EE8933 /* FeedSnapshotTests.swift */; };
		086AEFBC23A7E5C300EE8933 /* UIImage+TestHelpers.swift in Sources */ = {isa = PBXBuildFile; fileRef = 086AEFBB23A7E5C300EE8933 /* UIImage+TestHelpers.swift */; };
		086AEFBE23A7E75400EE8933 /* UITableView+HeaderSizing.swift in Sources */ = {isa = PBXBuildFile; fileRef = 086AEFBD23A7E75400EE8933 /* UITableView+HeaderSizing.swift */; };
		086BE481223270A3004CDC26 /* LoadFeedFromCacheUseCaseTests.swift in Sources */ = {isa = PBXBuildFile; fileRef = 086BE480223270A3004CDC26 /* LoadFeedFromCacheUseCaseTests.swift */; };
		086BE4842232725E004CDC26 /* FeedStoreSpy.swift in Sources */ = {isa = PBXBuildFile; fileRef = 086BE4832232725E004CDC26 /* FeedStoreSpy.swift */; };
		087148AC232BDF6900D6BE1A /* FeedPresenterTests.swift in Sources */ = {isa = PBXBuildFile; fileRef = 087148AB232BDF6900D6BE1A /* FeedPresenterTests.swift */; };
		087148B6232BEAAF00D6BE1A /* FeedPresenter.swift in Sources */ = {isa = PBXBuildFile; fileRef = 087148B5232BEAAF00D6BE1A /* FeedPresenter.swift */; };
		087148B7232BEB5400D6BE1A /* Feed.strings in Resources */ = {isa = PBXBuildFile; fileRef = 087148B1232BE90A00D6BE1A /* Feed.strings */; };
		087148B9232BEBD800D6BE1A /* FeedViewModel.swift in Sources */ = {isa = PBXBuildFile; fileRef = 087148B8232BEBD800D6BE1A /* FeedViewModel.swift */; };
		087148BB232BEC1200D6BE1A /* FeedLoadingViewModel.swift in Sources */ = {isa = PBXBuildFile; fileRef = 087148BA232BEC1200D6BE1A /* FeedLoadingViewModel.swift */; };
		087148BD232BEC6700D6BE1A /* FeedErrorViewModel.swift in Sources */ = {isa = PBXBuildFile; fileRef = 087148BC232BEC6700D6BE1A /* FeedErrorViewModel.swift */; };
		087148BE232BEDFD00D6BE1A /* FeedLocalizationTests.swift in Sources */ = {isa = PBXBuildFile; fileRef = 08CFB1A8230C20B7008608CB /* FeedLocalizationTests.swift */; };
		087148C0232BF27700D6BE1A /* FeedImagePresenterTests.swift in Sources */ = {isa = PBXBuildFile; fileRef = 087148BF232BF27700D6BE1A /* FeedImagePresenterTests.swift */; };
		087148C2232BFC7100D6BE1A /* FeedImagePresenter.swift in Sources */ = {isa = PBXBuildFile; fileRef = 087148C1232BFC7100D6BE1A /* FeedImagePresenter.swift */; };
		087148C4232BFCF100D6BE1A /* FeedImageViewModel.swift in Sources */ = {isa = PBXBuildFile; fileRef = 087148C3232BFCF100D6BE1A /* FeedImageViewModel.swift */; };
		0875468C2272340500542C32 /* FeedStoreSpecs.swift in Sources */ = {isa = PBXBuildFile; fileRef = 0875468B2272340500542C32 /* FeedStoreSpecs.swift */; };
		0875468E227234AB00542C32 /* XCTestCase+FeedStoreSpecs.swift in Sources */ = {isa = PBXBuildFile; fileRef = 0875468D227234AB00542C32 /* XCTestCase+FeedStoreSpecs.swift */; };
		08754690227237C900542C32 /* XCTestCase+FailableRetrieveFeedStoreSpecs.swift in Sources */ = {isa = PBXBuildFile; fileRef = 0875468F227237C900542C32 /* XCTestCase+FailableRetrieveFeedStoreSpecs.swift */; };
		087546922272381700542C32 /* XCTestCase+FailableInsertFeedStoreSpecs.swift in Sources */ = {isa = PBXBuildFile; fileRef = 087546912272381700542C32 /* XCTestCase+FailableInsertFeedStoreSpecs.swift */; };
		087546942272387900542C32 /* XCTestCase+FailableDeleteFeedStoreSpecs.swift in Sources */ = {isa = PBXBuildFile; fileRef = 087546932272387900542C32 /* XCTestCase+FailableDeleteFeedStoreSpecs.swift */; };
		08805A19233A9F8600509F19 /* URLProtocolStub.swift in Sources */ = {isa = PBXBuildFile; fileRef = 08805A18233A9F8600509F19 /* URLProtocolStub.swift */; };
		08868938221DAA01007BC3E7 /* RemoteFeedItem.swift in Sources */ = {isa = PBXBuildFile; fileRef = 08868937221DAA01007BC3E7 /* RemoteFeedItem.swift */; };
		0886893A221DAA34007BC3E7 /* LocalFeedImage.swift in Sources */ = {isa = PBXBuildFile; fileRef = 08868939221DAA34007BC3E7 /* LocalFeedImage.swift */; };
		08897BE623390F4E0029F5E4 /* FeedImageDataLoader.swift in Sources */ = {isa = PBXBuildFile; fileRef = 08FC5AA922D5F47900148E12 /* FeedImageDataLoader.swift */; };
		08897BE8233910040029F5E4 /* LoadFeedImageDataFromRemoteUseCaseTests.swift in Sources */ = {isa = PBXBuildFile; fileRef = 08897BE7233910040029F5E4 /* LoadFeedImageDataFromRemoteUseCaseTests.swift */; };
		08897BEB233939B60029F5E4 /* HTTPClientSpy.swift in Sources */ = {isa = PBXBuildFile; fileRef = 08897BEA233939B60029F5E4 /* HTTPClientSpy.swift */; };
		08897BED23393A2E0029F5E4 /* RemoteFeedImageDataLoader.swift in Sources */ = {isa = PBXBuildFile; fileRef = 08897BEC23393A2E0029F5E4 /* RemoteFeedImageDataLoader.swift */; };
		08897BEF233A1C8E0029F5E4 /* HTTPURLResponse+StatusCode.swift in Sources */ = {isa = PBXBuildFile; fileRef = 08897BEE233A1C8E0029F5E4 /* HTTPURLResponse+StatusCode.swift */; };
		0899395F220359C50031B03D /* EssentialFeedAPIEndToEndTests.swift in Sources */ = {isa = PBXBuildFile; fileRef = 0899395E220359C50031B03D /* EssentialFeedAPIEndToEndTests.swift */; };
		08993961220359C50031B03D /* EssentialFeed.framework in Frameworks */ = {isa = PBXBuildFile; fileRef = 080EDEF121B6DA7E00813479 /* EssentialFeed.framework */; };
		089C40D42216C37400DE552E /* CacheFeedUseCaseTests.swift in Sources */ = {isa = PBXBuildFile; fileRef = 089C40D32216C37400DE552E /* CacheFeedUseCaseTests.swift */; };
		089C40DC22170EC500DE552E /* LocalFeedLoader.swift in Sources */ = {isa = PBXBuildFile; fileRef = 089C40DB22170EC500DE552E /* LocalFeedLoader.swift */; };
		089C40DE22170F2300DE552E /* FeedStore.swift in Sources */ = {isa = PBXBuildFile; fileRef = 089C40DD22170F2300DE552E /* FeedStore.swift */; };
		08A3F2B2232AA1C200127C15 /* ErrorView.swift in Sources */ = {isa = PBXBuildFile; fileRef = 08A3F2B1232AA1C200127C15 /* ErrorView.swift */; };
		08A3F2BB232BA64700127C15 /* UIRefreshControl+Helpers.swift in Sources */ = {isa = PBXBuildFile; fileRef = 08A3F2BA232BA64700127C15 /* UIRefreshControl+Helpers.swift */; };
		08B42EA421C3F09A00DDA349 /* RemoteFeedLoader.swift in Sources */ = {isa = PBXBuildFile; fileRef = 08B42EA321C3F09A00DDA349 /* RemoteFeedLoader.swift */; };
		08B5EB4E22CE244400FE8683 /* FeedImageCell.swift in Sources */ = {isa = PBXBuildFile; fileRef = 08B5EB4D22CE244400FE8683 /* FeedImageCell.swift */; };
		08B5EB5022CE328100FE8683 /* UIView+Shimmering.swift in Sources */ = {isa = PBXBuildFile; fileRef = 08B5EB4F22CE328100FE8683 /* UIView+Shimmering.swift */; };
		08BB7EA822C1381600F8B83C /* EssentialFeed.framework in Frameworks */ = {isa = PBXBuildFile; fileRef = 080EDEF121B6DA7E00813479 /* EssentialFeed.framework */; };
		08BB7EA922C138AC00F8B83C /* XCTestCase+MemoryLeakTracking.swift in Sources */ = {isa = PBXBuildFile; fileRef = 0844768E21FCB24E00439BE9 /* XCTestCase+MemoryLeakTracking.swift */; };
		08BB7EAB22C1425100F8B83C /* FeedViewController.swift in Sources */ = {isa = PBXBuildFile; fileRef = 08BB7EAA22C1425100F8B83C /* FeedViewController.swift */; };
		08C0880C21E4EED600ACFB30 /* HTTPClient.swift in Sources */ = {isa = PBXBuildFile; fileRef = 08C0880B21E4EED600ACFB30 /* HTTPClient.swift */; };
		08C0880E21E4EF2900ACFB30 /* FeedItemsMapper.swift in Sources */ = {isa = PBXBuildFile; fileRef = 08C0880D21E4EF2900ACFB30 /* FeedItemsMapper.swift */; };
		08C4E984233E037200D939F8 /* LoadFeedImageDataFromCacheUseCaseTests.swift in Sources */ = {isa = PBXBuildFile; fileRef = 08C4E983233E037200D939F8 /* LoadFeedImageDataFromCacheUseCaseTests.swift */; };
		08C4E986233E139400D939F8 /* LocalFeedImageDataLoader.swift in Sources */ = {isa = PBXBuildFile; fileRef = 08C4E985233E139400D939F8 /* LocalFeedImageDataLoader.swift */; };
		08C4E988233E13CC00D939F8 /* FeedImageDataStore.swift in Sources */ = {isa = PBXBuildFile; fileRef = 08C4E987233E13CC00D939F8 /* FeedImageDataStore.swift */; };
		08D917A922B92A5D003BC31B /* EssentialFeediOS.framework in Frameworks */ = {isa = PBXBuildFile; fileRef = 08D917A022B92A5D003BC31B /* EssentialFeediOS.framework */; };
		08DDC13A21BEA99E00F490ED /* LoadFeedFromRemoteUseCaseTests.swift in Sources */ = {isa = PBXBuildFile; fileRef = 08DDC13921BEA99E00F490ED /* LoadFeedFromRemoteUseCaseTests.swift */; };
		08E5941522523FCC00E2D213 /* FeedCachePolicy.swift in Sources */ = {isa = PBXBuildFile; fileRef = 08E5941422523FCC00E2D213 /* FeedCachePolicy.swift */; };
		08EFE6BD22D6384100DA417A /* FeedImageCellController.swift in Sources */ = {isa = PBXBuildFile; fileRef = 08EFE6BC22D6384100DA417A /* FeedImageCellController.swift */; };
		08F8822D236499B200CAEE16 /* FeedCache.swift in Sources */ = {isa = PBXBuildFile; fileRef = 08F8822C236499B200CAEE16 /* FeedCache.swift */; };
/* End PBXBuildFile section */

/* Begin PBXContainerItemProxy section */
		080EDEFC21B6DA7E00813479 /* PBXContainerItemProxy */ = {
			isa = PBXContainerItemProxy;
			containerPortal = 080EDEE821B6DA7E00813479 /* Project object */;
			proxyType = 1;
			remoteGlobalIDString = 080EDEF021B6DA7E00813479;
			remoteInfo = EssentialFeed;
		};
		0832C68322A0223B00E1C5E9 /* PBXContainerItemProxy */ = {
			isa = PBXContainerItemProxy;
			containerPortal = 080EDEE821B6DA7E00813479 /* Project object */;
			proxyType = 1;
			remoteGlobalIDString = 080EDEF021B6DA7E00813479;
			remoteInfo = EssentialFeed;
		};
		08993962220359C50031B03D /* PBXContainerItemProxy */ = {
			isa = PBXContainerItemProxy;
			containerPortal = 080EDEE821B6DA7E00813479 /* Project object */;
			proxyType = 1;
			remoteGlobalIDString = 080EDEF021B6DA7E00813479;
			remoteInfo = EssentialFeed;
		};
		08D917AA22B92A5D003BC31B /* PBXContainerItemProxy */ = {
			isa = PBXContainerItemProxy;
			containerPortal = 080EDEE821B6DA7E00813479 /* Project object */;
			proxyType = 1;
			remoteGlobalIDString = 08D9179F22B92A5D003BC31B;
			remoteInfo = EssentialFeediOS;
		};
/* End PBXContainerItemProxy section */

/* Begin PBXFileReference section */
		0800314623B68FAB00720217 /* UIViewController+Snapshot.swift */ = {isa = PBXFileReference; lastKnownFileType = sourcecode.swift; path = "UIViewController+Snapshot.swift"; sourceTree = "<group>"; };
		0800314823B6909A00720217 /* XCTestCase+Snapshot.swift */ = {isa = PBXFileReference; lastKnownFileType = sourcecode.swift; path = "XCTestCase+Snapshot.swift"; sourceTree = "<group>"; };
		0804862D236345A40087ED48 /* FeedImageDataCache.swift */ = {isa = PBXFileReference; lastKnownFileType = sourcecode.swift; path = FeedImageDataCache.swift; sourceTree = "<group>"; };
		080EDEF121B6DA7E00813479 /* EssentialFeed.framework */ = {isa = PBXFileReference; explicitFileType = wrapper.framework; includeInIndex = 0; path = EssentialFeed.framework; sourceTree = BUILT_PRODUCTS_DIR; };
		080EDEF521B6DA7E00813479 /* Info.plist */ = {isa = PBXFileReference; lastKnownFileType = text.plist.xml; path = Info.plist; sourceTree = "<group>"; };
		080EDEFA21B6DA7E00813479 /* EssentialFeedTests.xctest */ = {isa = PBXFileReference; explicitFileType = wrapper.cfbundle; includeInIndex = 0; path = EssentialFeedTests.xctest; sourceTree = BUILT_PRODUCTS_DIR; };
		080EDF0121B6DA7E00813479 /* Info.plist */ = {isa = PBXFileReference; lastKnownFileType = text.plist.xml; path = Info.plist; sourceTree = "<group>"; };
		080EDF0B21B6DAE800813479 /* FeedImage.swift */ = {isa = PBXFileReference; lastKnownFileType = sourcecode.swift; path = FeedImage.swift; sourceTree = "<group>"; };
		080EDF0D21B6DCB600813479 /* FeedLoader.swift */ = {isa = PBXFileReference; lastKnownFileType = sourcecode.swift; path = FeedLoader.swift; sourceTree = "<group>"; };
		081C0DAE22491A2400AC754E /* ValidateFeedCacheUseCaseTests.swift */ = {isa = PBXFileReference; lastKnownFileType = sourcecode.swift; path = ValidateFeedCacheUseCaseTests.swift; sourceTree = "<group>"; };
		081C0DB022491E1200AC754E /* FeedCacheTestHelpers.swift */ = {isa = PBXFileReference; lastKnownFileType = sourcecode.swift; path = FeedCacheTestHelpers.swift; sourceTree = "<group>"; };
		081C0DB222491EEF00AC754E /* SharedTestHelpers.swift */ = {isa = PBXFileReference; lastKnownFileType = sourcecode.swift; path = SharedTestHelpers.swift; sourceTree = "<group>"; };
		0822D0F023056FEB004B3345 /* Feed.storyboard */ = {isa = PBXFileReference; lastKnownFileType = file.storyboard; path = Feed.storyboard; sourceTree = "<group>"; };
		0822D0F2230570F3004B3345 /* Feed.xcassets */ = {isa = PBXFileReference; lastKnownFileType = folder.assetcatalog; path = Feed.xcassets; sourceTree = "<group>"; };
		0822D0F423058078004B3345 /* UITableView+Dequeueing.swift */ = {isa = PBXFileReference; lastKnownFileType = sourcecode.swift; path = "UITableView+Dequeueing.swift"; sourceTree = "<group>"; };
		0822D0F6230581D2004B3345 /* UIImageView+Animations.swift */ = {isa = PBXFileReference; lastKnownFileType = sourcecode.swift; path = "UIImageView+Animations.swift"; sourceTree = "<group>"; };
		08285AEE228BF7E3000A8987 /* CoreDataFeedStoreTests.swift */ = {isa = PBXFileReference; lastKnownFileType = sourcecode.swift; path = CoreDataFeedStoreTests.swift; sourceTree = "<group>"; };
		08285AF0228BF91E000A8987 /* CoreDataFeedStore.swift */ = {isa = PBXFileReference; lastKnownFileType = sourcecode.swift; path = CoreDataFeedStore.swift; sourceTree = "<group>"; };
		08285AF3228BFAFF000A8987 /* FeedStore.xcdatamodel */ = {isa = PBXFileReference; lastKnownFileType = wrapper.xcdatamodel; path = FeedStore.xcdatamodel; sourceTree = "<group>"; };
		08285AFA228C17B8000A8987 /* CoreDataHelpers.swift */ = {isa = PBXFileReference; lastKnownFileType = sourcecode.swift; path = CoreDataHelpers.swift; sourceTree = "<group>"; };
		08285AFC228C1843000A8987 /* ManagedCache.swift */ = {isa = PBXFileReference; lastKnownFileType = sourcecode.swift; path = ManagedCache.swift; sourceTree = "<group>"; };
		08285AFE228C1874000A8987 /* ManagedFeedImage.swift */ = {isa = PBXFileReference; lastKnownFileType = sourcecode.swift; path = ManagedFeedImage.swift; sourceTree = "<group>"; };
		082DB86321F763F900A71F69 /* URLSessionHTTPClientTests.swift */ = {isa = PBXFileReference; lastKnownFileType = sourcecode.swift; path = URLSessionHTTPClientTests.swift; sourceTree = "<group>"; };
		0832C67D22A0223A00E1C5E9 /* EssentialFeedCacheIntegrationTests.xctest */ = {isa = PBXFileReference; explicitFileType = wrapper.cfbundle; includeInIndex = 0; path = EssentialFeedCacheIntegrationTests.xctest; sourceTree = BUILT_PRODUCTS_DIR; };
		0832C67F22A0223A00E1C5E9 /* EssentialFeedCacheIntegrationTests.swift */ = {isa = PBXFileReference; lastKnownFileType = sourcecode.swift; path = EssentialFeedCacheIntegrationTests.swift; sourceTree = "<group>"; };
		0832C68122A0223B00E1C5E9 /* Info.plist */ = {isa = PBXFileReference; lastKnownFileType = text.plist.xml; path = Info.plist; sourceTree = "<group>"; };
		0844768E21FCB24E00439BE9 /* XCTestCase+MemoryLeakTracking.swift */ = {isa = PBXFileReference; lastKnownFileType = sourcecode.swift; path = "XCTestCase+MemoryLeakTracking.swift"; sourceTree = "<group>"; };
		0844769021FCBE7D00439BE9 /* URLSessionHTTPClient.swift */ = {isa = PBXFileReference; lastKnownFileType = sourcecode.swift; path = URLSessionHTTPClient.swift; sourceTree = "<group>"; };
		086044FB233E1A3B005ECD22 /* FeedImageDataStoreSpy.swift */ = {isa = PBXFileReference; lastKnownFileType = sourcecode.swift; path = FeedImageDataStoreSpy.swift; sourceTree = "<group>"; };
		086044FD233E1A90005ECD22 /* CacheFeedImageDataUseCaseTests.swift */ = {isa = PBXFileReference; lastKnownFileType = sourcecode.swift; path = CacheFeedImageDataUseCaseTests.swift; sourceTree = "<group>"; };
		086044FF233E2294005ECD22 /* CoreDataFeedImageDataStoreTests.swift */ = {isa = PBXFileReference; lastKnownFileType = sourcecode.swift; path = CoreDataFeedImageDataStoreTests.swift; sourceTree = "<group>"; };
		08604501233E2786005ECD22 /* FeedStore2.xcdatamodel */ = {isa = PBXFileReference; lastKnownFileType = wrapper.xcdatamodel; path = FeedStore2.xcdatamodel; sourceTree = "<group>"; };
		08604502233E2917005ECD22 /* CoreDataFeedStore+FeedImageDataLoader.swift */ = {isa = PBXFileReference; lastKnownFileType = sourcecode.swift; path = "CoreDataFeedStore+FeedImageDataLoader.swift"; sourceTree = "<group>"; };
		08604504233E316F005ECD22 /* CoreDataFeedStore+FeedStore.swift */ = {isa = PBXFileReference; lastKnownFileType = sourcecode.swift; path = "CoreDataFeedStore+FeedStore.swift"; sourceTree = "<group>"; };
		086AEFB823A7DFA400EE8933 /* FeedSnapshotTests.swift */ = {isa = PBXFileReference; lastKnownFileType = sourcecode.swift; path = FeedSnapshotTests.swift; sourceTree = "<group>"; };
		086AEFBB23A7E5C300EE8933 /* UIImage+TestHelpers.swift */ = {isa = PBXFileReference; fileEncoding = 4; lastKnownFileType = sourcecode.swift; path = "UIImage+TestHelpers.swift"; sourceTree = "<group>"; };
		086AEFBD23A7E75400EE8933 /* UITableView+HeaderSizing.swift */ = {isa = PBXFileReference; lastKnownFileType = sourcecode.swift; path = "UITableView+HeaderSizing.swift"; sourceTree = "<group>"; };
		086BE480223270A3004CDC26 /* LoadFeedFromCacheUseCaseTests.swift */ = {isa = PBXFileReference; lastKnownFileType = sourcecode.swift; path = LoadFeedFromCacheUseCaseTests.swift; sourceTree = "<group>"; };
		086BE4832232725E004CDC26 /* FeedStoreSpy.swift */ = {isa = PBXFileReference; lastKnownFileType = sourcecode.swift; path = FeedStoreSpy.swift; sourceTree = "<group>"; };
		087148AB232BDF6900D6BE1A /* FeedPresenterTests.swift */ = {isa = PBXFileReference; lastKnownFileType = sourcecode.swift; path = FeedPresenterTests.swift; sourceTree = "<group>"; };
		087148B0232BE90A00D6BE1A /* en */ = {isa = PBXFileReference; lastKnownFileType = text.plist.strings; name = en; path = en.lproj/Feed.strings; sourceTree = "<group>"; };
		087148B2232BE90C00D6BE1A /* pt-BR */ = {isa = PBXFileReference; lastKnownFileType = text.plist.strings; name = "pt-BR"; path = "pt-BR.lproj/Feed.strings"; sourceTree = "<group>"; };
		087148B3232BE90D00D6BE1A /* el */ = {isa = PBXFileReference; lastKnownFileType = text.plist.strings; name = el; path = el.lproj/Feed.strings; sourceTree = "<group>"; };
		087148B5232BEAAF00D6BE1A /* FeedPresenter.swift */ = {isa = PBXFileReference; lastKnownFileType = sourcecode.swift; path = FeedPresenter.swift; sourceTree = "<group>"; };
		087148B8232BEBD800D6BE1A /* FeedViewModel.swift */ = {isa = PBXFileReference; lastKnownFileType = sourcecode.swift; path = FeedViewModel.swift; sourceTree = "<group>"; };
		087148BA232BEC1200D6BE1A /* FeedLoadingViewModel.swift */ = {isa = PBXFileReference; lastKnownFileType = sourcecode.swift; path = FeedLoadingViewModel.swift; sourceTree = "<group>"; };
		087148BC232BEC6700D6BE1A /* FeedErrorViewModel.swift */ = {isa = PBXFileReference; lastKnownFileType = sourcecode.swift; path = FeedErrorViewModel.swift; sourceTree = "<group>"; };
		087148BF232BF27700D6BE1A /* FeedImagePresenterTests.swift */ = {isa = PBXFileReference; lastKnownFileType = sourcecode.swift; path = FeedImagePresenterTests.swift; sourceTree = "<group>"; };
		087148C1232BFC7100D6BE1A /* FeedImagePresenter.swift */ = {isa = PBXFileReference; lastKnownFileType = sourcecode.swift; path = FeedImagePresenter.swift; sourceTree = "<group>"; };
		087148C3232BFCF100D6BE1A /* FeedImageViewModel.swift */ = {isa = PBXFileReference; lastKnownFileType = sourcecode.swift; path = FeedImageViewModel.swift; sourceTree = "<group>"; };
		0875468B2272340500542C32 /* FeedStoreSpecs.swift */ = {isa = PBXFileReference; lastKnownFileType = sourcecode.swift; path = FeedStoreSpecs.swift; sourceTree = "<group>"; };
		0875468D227234AB00542C32 /* XCTestCase+FeedStoreSpecs.swift */ = {isa = PBXFileReference; lastKnownFileType = sourcecode.swift; path = "XCTestCase+FeedStoreSpecs.swift"; sourceTree = "<group>"; };
		0875468F227237C900542C32 /* XCTestCase+FailableRetrieveFeedStoreSpecs.swift */ = {isa = PBXFileReference; lastKnownFileType = sourcecode.swift; path = "XCTestCase+FailableRetrieveFeedStoreSpecs.swift"; sourceTree = "<group>"; };
		087546912272381700542C32 /* XCTestCase+FailableInsertFeedStoreSpecs.swift */ = {isa = PBXFileReference; lastKnownFileType = sourcecode.swift; path = "XCTestCase+FailableInsertFeedStoreSpecs.swift"; sourceTree = "<group>"; };
		087546932272387900542C32 /* XCTestCase+FailableDeleteFeedStoreSpecs.swift */ = {isa = PBXFileReference; lastKnownFileType = sourcecode.swift; path = "XCTestCase+FailableDeleteFeedStoreSpecs.swift"; sourceTree = "<group>"; };
		08805A18233A9F8600509F19 /* URLProtocolStub.swift */ = {isa = PBXFileReference; lastKnownFileType = sourcecode.swift; path = URLProtocolStub.swift; sourceTree = "<group>"; };
		08868937221DAA01007BC3E7 /* RemoteFeedItem.swift */ = {isa = PBXFileReference; lastKnownFileType = sourcecode.swift; path = RemoteFeedItem.swift; sourceTree = "<group>"; };
		08868939221DAA34007BC3E7 /* LocalFeedImage.swift */ = {isa = PBXFileReference; lastKnownFileType = sourcecode.swift; path = LocalFeedImage.swift; sourceTree = "<group>"; };
		08897BE7233910040029F5E4 /* LoadFeedImageDataFromRemoteUseCaseTests.swift */ = {isa = PBXFileReference; lastKnownFileType = sourcecode.swift; path = LoadFeedImageDataFromRemoteUseCaseTests.swift; sourceTree = "<group>"; };
		08897BEA233939B60029F5E4 /* HTTPClientSpy.swift */ = {isa = PBXFileReference; lastKnownFileType = sourcecode.swift; path = HTTPClientSpy.swift; sourceTree = "<group>"; };
		08897BEC23393A2E0029F5E4 /* RemoteFeedImageDataLoader.swift */ = {isa = PBXFileReference; lastKnownFileType = sourcecode.swift; path = RemoteFeedImageDataLoader.swift; sourceTree = "<group>"; };
		08897BEE233A1C8E0029F5E4 /* HTTPURLResponse+StatusCode.swift */ = {isa = PBXFileReference; lastKnownFileType = sourcecode.swift; path = "HTTPURLResponse+StatusCode.swift"; sourceTree = "<group>"; };
		0899395C220359C50031B03D /* EssentialFeedAPIEndToEndTests.xctest */ = {isa = PBXFileReference; explicitFileType = wrapper.cfbundle; includeInIndex = 0; path = EssentialFeedAPIEndToEndTests.xctest; sourceTree = BUILT_PRODUCTS_DIR; };
		0899395E220359C50031B03D /* EssentialFeedAPIEndToEndTests.swift */ = {isa = PBXFileReference; lastKnownFileType = sourcecode.swift; path = EssentialFeedAPIEndToEndTests.swift; sourceTree = "<group>"; };
		08993960220359C50031B03D /* Info.plist */ = {isa = PBXFileReference; lastKnownFileType = text.plist.xml; path = Info.plist; sourceTree = "<group>"; };
		089C40D32216C37400DE552E /* CacheFeedUseCaseTests.swift */ = {isa = PBXFileReference; lastKnownFileType = sourcecode.swift; path = CacheFeedUseCaseTests.swift; sourceTree = "<group>"; };
		089C40DB22170EC500DE552E /* LocalFeedLoader.swift */ = {isa = PBXFileReference; lastKnownFileType = sourcecode.swift; path = LocalFeedLoader.swift; sourceTree = "<group>"; };
		089C40DD22170F2300DE552E /* FeedStore.swift */ = {isa = PBXFileReference; lastKnownFileType = sourcecode.swift; path = FeedStore.swift; sourceTree = "<group>"; };
		08A3F2B1232AA1C200127C15 /* ErrorView.swift */ = {isa = PBXFileReference; lastKnownFileType = sourcecode.swift; path = ErrorView.swift; sourceTree = "<group>"; };
		08A3F2BA232BA64700127C15 /* UIRefreshControl+Helpers.swift */ = {isa = PBXFileReference; lastKnownFileType = sourcecode.swift; path = "UIRefreshControl+Helpers.swift"; sourceTree = "<group>"; };
		08B42EA321C3F09A00DDA349 /* RemoteFeedLoader.swift */ = {isa = PBXFileReference; lastKnownFileType = sourcecode.swift; path = RemoteFeedLoader.swift; sourceTree = "<group>"; };
		08B5EB4D22CE244400FE8683 /* FeedImageCell.swift */ = {isa = PBXFileReference; lastKnownFileType = sourcecode.swift; path = FeedImageCell.swift; sourceTree = "<group>"; };
		08B5EB4F22CE328100FE8683 /* UIView+Shimmering.swift */ = {isa = PBXFileReference; lastKnownFileType = sourcecode.swift; path = "UIView+Shimmering.swift"; sourceTree = "<group>"; };
		08BB7EAA22C1425100F8B83C /* FeedViewController.swift */ = {isa = PBXFileReference; lastKnownFileType = sourcecode.swift; path = FeedViewController.swift; sourceTree = "<group>"; };
		08C0880B21E4EED600ACFB30 /* HTTPClient.swift */ = {isa = PBXFileReference; lastKnownFileType = sourcecode.swift; path = HTTPClient.swift; sourceTree = "<group>"; };
		08C0880D21E4EF2900ACFB30 /* FeedItemsMapper.swift */ = {isa = PBXFileReference; lastKnownFileType = sourcecode.swift; path = FeedItemsMapper.swift; sourceTree = "<group>"; };
		08C4E983233E037200D939F8 /* LoadFeedImageDataFromCacheUseCaseTests.swift */ = {isa = PBXFileReference; lastKnownFileType = sourcecode.swift; path = LoadFeedImageDataFromCacheUseCaseTests.swift; sourceTree = "<group>"; };
		08C4E985233E139400D939F8 /* LocalFeedImageDataLoader.swift */ = {isa = PBXFileReference; lastKnownFileType = sourcecode.swift; path = LocalFeedImageDataLoader.swift; sourceTree = "<group>"; };
		08C4E987233E13CC00D939F8 /* FeedImageDataStore.swift */ = {isa = PBXFileReference; lastKnownFileType = sourcecode.swift; path = FeedImageDataStore.swift; sourceTree = "<group>"; };
		08CFB1A8230C20B7008608CB /* FeedLocalizationTests.swift */ = {isa = PBXFileReference; lastKnownFileType = sourcecode.swift; path = FeedLocalizationTests.swift; sourceTree = "<group>"; };
		08D917A022B92A5D003BC31B /* EssentialFeediOS.framework */ = {isa = PBXFileReference; explicitFileType = wrapper.framework; includeInIndex = 0; path = EssentialFeediOS.framework; sourceTree = BUILT_PRODUCTS_DIR; };
		08D917A322B92A5D003BC31B /* Info.plist */ = {isa = PBXFileReference; lastKnownFileType = text.plist.xml; path = Info.plist; sourceTree = "<group>"; };
		08D917A822B92A5D003BC31B /* EssentialFeediOSTests.xctest */ = {isa = PBXFileReference; explicitFileType = wrapper.cfbundle; includeInIndex = 0; path = EssentialFeediOSTests.xctest; sourceTree = BUILT_PRODUCTS_DIR; };
		08D917AF22B92A5D003BC31B /* Info.plist */ = {isa = PBXFileReference; lastKnownFileType = text.plist.xml; path = Info.plist; sourceTree = "<group>"; };
		08DDC13921BEA99E00F490ED /* LoadFeedFromRemoteUseCaseTests.swift */ = {isa = PBXFileReference; lastKnownFileType = sourcecode.swift; path = LoadFeedFromRemoteUseCaseTests.swift; sourceTree = "<group>"; };
		08E5941422523FCC00E2D213 /* FeedCachePolicy.swift */ = {isa = PBXFileReference; lastKnownFileType = sourcecode.swift; path = FeedCachePolicy.swift; sourceTree = "<group>"; };
		08EFE6BC22D6384100DA417A /* FeedImageCellController.swift */ = {isa = PBXFileReference; lastKnownFileType = sourcecode.swift; path = FeedImageCellController.swift; sourceTree = "<group>"; };
		08F8822C236499B200CAEE16 /* FeedCache.swift */ = {isa = PBXFileReference; lastKnownFileType = sourcecode.swift; path = FeedCache.swift; sourceTree = "<group>"; };
		08FC5AA922D5F47900148E12 /* FeedImageDataLoader.swift */ = {isa = PBXFileReference; lastKnownFileType = sourcecode.swift; path = FeedImageDataLoader.swift; sourceTree = "<group>"; };
/* End PBXFileReference section */

/* Begin PBXFrameworksBuildPhase section */
		080EDEEE21B6DA7E00813479 /* Frameworks */ = {
			isa = PBXFrameworksBuildPhase;
			buildActionMask = 2147483647;
			files = (
			);
			runOnlyForDeploymentPostprocessing = 0;
		};
		080EDEF721B6DA7E00813479 /* Frameworks */ = {
			isa = PBXFrameworksBuildPhase;
			buildActionMask = 2147483647;
			files = (
				080EDEFB21B6DA7E00813479 /* EssentialFeed.framework in Frameworks */,
			);
			runOnlyForDeploymentPostprocessing = 0;
		};
		0832C67A22A0223A00E1C5E9 /* Frameworks */ = {
			isa = PBXFrameworksBuildPhase;
			buildActionMask = 2147483647;
			files = (
				0832C68222A0223B00E1C5E9 /* EssentialFeed.framework in Frameworks */,
			);
			runOnlyForDeploymentPostprocessing = 0;
		};
		08993959220359C50031B03D /* Frameworks */ = {
			isa = PBXFrameworksBuildPhase;
			buildActionMask = 2147483647;
			files = (
				08993961220359C50031B03D /* EssentialFeed.framework in Frameworks */,
			);
			runOnlyForDeploymentPostprocessing = 0;
		};
		08D9179D22B92A5D003BC31B /* Frameworks */ = {
			isa = PBXFrameworksBuildPhase;
			buildActionMask = 2147483647;
			files = (
				08BB7EA822C1381600F8B83C /* EssentialFeed.framework in Frameworks */,
			);
			runOnlyForDeploymentPostprocessing = 0;
		};
		08D917A522B92A5D003BC31B /* Frameworks */ = {
			isa = PBXFrameworksBuildPhase;
			buildActionMask = 2147483647;
			files = (
				08D917A922B92A5D003BC31B /* EssentialFeediOS.framework in Frameworks */,
			);
			runOnlyForDeploymentPostprocessing = 0;
		};
/* End PBXFrameworksBuildPhase section */

/* Begin PBXGroup section */
		080EDEE721B6DA7E00813479 = {
			isa = PBXGroup;
			children = (
				080EDEF321B6DA7E00813479 /* EssentialFeed */,
				080EDEFE21B6DA7E00813479 /* EssentialFeedTests */,
				0899395D220359C50031B03D /* EssentialFeedAPIEndToEndTests */,
				0832C67E22A0223A00E1C5E9 /* EssentialFeedCacheIntegrationTests */,
				08D917A122B92A5D003BC31B /* EssentialFeediOS */,
				08D917AC22B92A5D003BC31B /* EssentialFeediOSTests */,
				080EDEF221B6DA7E00813479 /* Products */,
				08BB7EA722C1381600F8B83C /* Frameworks */,
			);
			sourceTree = "<group>";
		};
		080EDEF221B6DA7E00813479 /* Products */ = {
			isa = PBXGroup;
			children = (
				080EDEF121B6DA7E00813479 /* EssentialFeed.framework */,
				080EDEFA21B6DA7E00813479 /* EssentialFeedTests.xctest */,
				0899395C220359C50031B03D /* EssentialFeedAPIEndToEndTests.xctest */,
				0832C67D22A0223A00E1C5E9 /* EssentialFeedCacheIntegrationTests.xctest */,
				08D917A022B92A5D003BC31B /* EssentialFeediOS.framework */,
				08D917A822B92A5D003BC31B /* EssentialFeediOSTests.xctest */,
			);
			name = Products;
			sourceTree = "<group>";
		};
		080EDEF321B6DA7E00813479 /* EssentialFeed */ = {
			isa = PBXGroup;
			children = (
				080EDEF521B6DA7E00813479 /* Info.plist */,
				080EDF1021B6DFA200813479 /* Feed Feature */,
				08B42EA221C3F08A00DDA349 /* Feed API */,
				089C40DA22170EB200DE552E /* Feed Cache */,
				087148B4232BEA9100D6BE1A /* Feed Presentation */,
			);
			path = EssentialFeed;
			sourceTree = "<group>";
		};
		080EDEFE21B6DA7E00813479 /* EssentialFeedTests */ = {
			isa = PBXGroup;
			children = (
				080EDF0121B6DA7E00813479 /* Info.plist */,
				0844768D21FCB23900439BE9 /* Helpers */,
				08C0880F21E4F53000ACFB30 /* Feed API */,
				089C40D22216C32600DE552E /* Feed Cache */,
				087148AA232BDF4B00D6BE1A /* Feed Presentation */,
			);
			path = EssentialFeedTests;
			sourceTree = "<group>";
		};
		080EDF1021B6DFA200813479 /* Feed Feature */ = {
			isa = PBXGroup;
			children = (
				080EDF0B21B6DAE800813479 /* FeedImage.swift */,
				080EDF0D21B6DCB600813479 /* FeedLoader.swift */,
				08F8822C236499B200CAEE16 /* FeedCache.swift */,
				08FC5AA922D5F47900148E12 /* FeedImageDataLoader.swift */,
				0804862D236345A40087ED48 /* FeedImageDataCache.swift */,
			);
			path = "Feed Feature";
			sourceTree = "<group>";
		};
		08285AF7228C16D7000A8987 /* Infrastructure */ = {
			isa = PBXGroup;
			children = (
				08285AF8228C16E5000A8987 /* CoreData */,
			);
			path = Infrastructure;
			sourceTree = "<group>";
		};
		08285AF8228C16E5000A8987 /* CoreData */ = {
			isa = PBXGroup;
			children = (
				08285AF0228BF91E000A8987 /* CoreDataFeedStore.swift */,
				08604504233E316F005ECD22 /* CoreDataFeedStore+FeedStore.swift */,
				08604502233E2917005ECD22 /* CoreDataFeedStore+FeedImageDataLoader.swift */,
				08285AFA228C17B8000A8987 /* CoreDataHelpers.swift */,
				08285AFC228C1843000A8987 /* ManagedCache.swift */,
				08285AFE228C1874000A8987 /* ManagedFeedImage.swift */,
				08285AF2228BFAFF000A8987 /* FeedStore.xcdatamodeld */,
			);
			path = CoreData;
			sourceTree = "<group>";
		};
		0832C67E22A0223A00E1C5E9 /* EssentialFeedCacheIntegrationTests */ = {
			isa = PBXGroup;
			children = (
				0832C67F22A0223A00E1C5E9 /* EssentialFeedCacheIntegrationTests.swift */,
				0832C68122A0223B00E1C5E9 /* Info.plist */,
			);
			path = EssentialFeedCacheIntegrationTests;
			sourceTree = "<group>";
		};
		0844768D21FCB23900439BE9 /* Helpers */ = {
			isa = PBXGroup;
			children = (
				0844768E21FCB24E00439BE9 /* XCTestCase+MemoryLeakTracking.swift */,
				081C0DB222491EEF00AC754E /* SharedTestHelpers.swift */,
			);
			path = Helpers;
			sourceTree = "<group>";
		};
		086AEFBA23A7E5B100EE8933 /* Helpers */ = {
			isa = PBXGroup;
			children = (
				086AEFBB23A7E5C300EE8933 /* UIImage+TestHelpers.swift */,
				0800314623B68FAB00720217 /* UIViewController+Snapshot.swift */,
				0800314823B6909A00720217 /* XCTestCase+Snapshot.swift */,
			);
			path = Helpers;
			sourceTree = "<group>";
		};
		086BE48222327254004CDC26 /* Helpers */ = {
			isa = PBXGroup;
			children = (
				086BE4832232725E004CDC26 /* FeedStoreSpy.swift */,
				086044FB233E1A3B005ECD22 /* FeedImageDataStoreSpy.swift */,
				081C0DB022491E1200AC754E /* FeedCacheTestHelpers.swift */,
			);
			path = Helpers;
			sourceTree = "<group>";
		};
		087148AA232BDF4B00D6BE1A /* Feed Presentation */ = {
			isa = PBXGroup;
			children = (
				08CFB1A8230C20B7008608CB /* FeedLocalizationTests.swift */,
				087148AB232BDF6900D6BE1A /* FeedPresenterTests.swift */,
				087148BF232BF27700D6BE1A /* FeedImagePresenterTests.swift */,
			);
			path = "Feed Presentation";
			sourceTree = "<group>";
		};
		087148B4232BEA9100D6BE1A /* Feed Presentation */ = {
			isa = PBXGroup;
			children = (
				087148B5232BEAAF00D6BE1A /* FeedPresenter.swift */,
				087148B8232BEBD800D6BE1A /* FeedViewModel.swift */,
				087148BA232BEC1200D6BE1A /* FeedLoadingViewModel.swift */,
				087148BC232BEC6700D6BE1A /* FeedErrorViewModel.swift */,
				087148C1232BFC7100D6BE1A /* FeedImagePresenter.swift */,
				087148C3232BFCF100D6BE1A /* FeedImageViewModel.swift */,
				087148B1232BE90A00D6BE1A /* Feed.strings */,
			);
			path = "Feed Presentation";
			sourceTree = "<group>";
		};
		08754695227238B100542C32 /* FeedStoreSpecs */ = {
			isa = PBXGroup;
			children = (
				0875468B2272340500542C32 /* FeedStoreSpecs.swift */,
				0875468D227234AB00542C32 /* XCTestCase+FeedStoreSpecs.swift */,
				0875468F227237C900542C32 /* XCTestCase+FailableRetrieveFeedStoreSpecs.swift */,
				087546912272381700542C32 /* XCTestCase+FailableInsertFeedStoreSpecs.swift */,
				087546932272387900542C32 /* XCTestCase+FailableDeleteFeedStoreSpecs.swift */,
			);
			path = FeedStoreSpecs;
			sourceTree = "<group>";
		};
		08897BE9233939AA0029F5E4 /* Helpers */ = {
			isa = PBXGroup;
			children = (
				08897BEA233939B60029F5E4 /* HTTPClientSpy.swift */,
				08805A18233A9F8600509F19 /* URLProtocolStub.swift */,
			);
			path = Helpers;
			sourceTree = "<group>";
		};
		08897BF0233A1C9B0029F5E4 /* Helpers */ = {
			isa = PBXGroup;
			children = (
				08897BEE233A1C8E0029F5E4 /* HTTPURLResponse+StatusCode.swift */,
			);
			path = Helpers;
			sourceTree = "<group>";
		};
		0899395D220359C50031B03D /* EssentialFeedAPIEndToEndTests */ = {
			isa = PBXGroup;
			children = (
				0899395E220359C50031B03D /* EssentialFeedAPIEndToEndTests.swift */,
				08993960220359C50031B03D /* Info.plist */,
			);
			path = EssentialFeedAPIEndToEndTests;
			sourceTree = "<group>";
		};
		089C40D22216C32600DE552E /* Feed Cache */ = {
			isa = PBXGroup;
			children = (
				086BE48222327254004CDC26 /* Helpers */,
				08754695227238B100542C32 /* FeedStoreSpecs */,
				089C40D32216C37400DE552E /* CacheFeedUseCaseTests.swift */,
				086BE480223270A3004CDC26 /* LoadFeedFromCacheUseCaseTests.swift */,
				081C0DAE22491A2400AC754E /* ValidateFeedCacheUseCaseTests.swift */,
				08285AEE228BF7E3000A8987 /* CoreDataFeedStoreTests.swift */,
				08C4E983233E037200D939F8 /* LoadFeedImageDataFromCacheUseCaseTests.swift */,
				086044FD233E1A90005ECD22 /* CacheFeedImageDataUseCaseTests.swift */,
				086044FF233E2294005ECD22 /* CoreDataFeedImageDataStoreTests.swift */,
			);
			path = "Feed Cache";
			sourceTree = "<group>";
		};
		089C40DA22170EB200DE552E /* Feed Cache */ = {
			isa = PBXGroup;
			children = (
				08285AF7228C16D7000A8987 /* Infrastructure */,
				089C40DB22170EC500DE552E /* LocalFeedLoader.swift */,
				089C40DD22170F2300DE552E /* FeedStore.swift */,
				08868939221DAA34007BC3E7 /* LocalFeedImage.swift */,
				08E5941422523FCC00E2D213 /* FeedCachePolicy.swift */,
				08C4E985233E139400D939F8 /* LocalFeedImageDataLoader.swift */,
				08C4E987233E13CC00D939F8 /* FeedImageDataStore.swift */,
			);
			path = "Feed Cache";
			sourceTree = "<group>";
		};
		08A3F2B5232AA67200127C15 /* Helpers */ = {
			isa = PBXGroup;
			children = (
				08B5EB4F22CE328100FE8683 /* UIView+Shimmering.swift */,
				0822D0F423058078004B3345 /* UITableView+Dequeueing.swift */,
				0822D0F6230581D2004B3345 /* UIImageView+Animations.swift */,
				08A3F2BA232BA64700127C15 /* UIRefreshControl+Helpers.swift */,
				086AEFBD23A7E75400EE8933 /* UITableView+HeaderSizing.swift */,
			);
			path = Helpers;
			sourceTree = "<group>";
		};
		08B42EA221C3F08A00DDA349 /* Feed API */ = {
			isa = PBXGroup;
			children = (
				08897BF0233A1C9B0029F5E4 /* Helpers */,
				08B42EA321C3F09A00DDA349 /* RemoteFeedLoader.swift */,
				08C0880D21E4EF2900ACFB30 /* FeedItemsMapper.swift */,
				08868937221DAA01007BC3E7 /* RemoteFeedItem.swift */,
				08897BEC23393A2E0029F5E4 /* RemoteFeedImageDataLoader.swift */,
				08C0880B21E4EED600ACFB30 /* HTTPClient.swift */,
				0844769021FCBE7D00439BE9 /* URLSessionHTTPClient.swift */,
			);
			path = "Feed API";
			sourceTree = "<group>";
		};
		08BB7EA722C1381600F8B83C /* Frameworks */ = {
			isa = PBXGroup;
			children = (
			);
			name = Frameworks;
			sourceTree = "<group>";
		};
		08C0880F21E4F53000ACFB30 /* Feed API */ = {
			isa = PBXGroup;
			children = (
				08897BE9233939AA0029F5E4 /* Helpers */,
				08DDC13921BEA99E00F490ED /* LoadFeedFromRemoteUseCaseTests.swift */,
				08897BE7233910040029F5E4 /* LoadFeedImageDataFromRemoteUseCaseTests.swift */,
				082DB86321F763F900A71F69 /* URLSessionHTTPClientTests.swift */,
			);
			path = "Feed API";
			sourceTree = "<group>";
		};
		08D917A122B92A5D003BC31B /* EssentialFeediOS */ = {
			isa = PBXGroup;
			children = (
				08D917A322B92A5D003BC31B /* Info.plist */,
				08FC5AA622D5F33000148E12 /* Feed UI */,
			);
			path = EssentialFeediOS;
			sourceTree = "<group>";
		};
		08D917AC22B92A5D003BC31B /* EssentialFeediOSTests */ = {
			isa = PBXGroup;
			children = (
				08D917AF22B92A5D003BC31B /* Info.plist */,
				086AEFBA23A7E5B100EE8933 /* Helpers */,
				086AEFB823A7DFA400EE8933 /* FeedSnapshotTests.swift */,
			);
			path = EssentialFeediOSTests;
			sourceTree = "<group>";
		};
		08EFB82A22D4A5F600A46837 /* Controllers */ = {
			isa = PBXGroup;
			children = (
				08BB7EAA22C1425100F8B83C /* FeedViewController.swift */,
				08EFE6BC22D6384100DA417A /* FeedImageCellController.swift */,
			);
			path = Controllers;
			sourceTree = "<group>";
		};
		08EFB82C22D4A60300A46837 /* Views */ = {
			isa = PBXGroup;
			children = (
				08A3F2B5232AA67200127C15 /* Helpers */,
				08B5EB4D22CE244400FE8683 /* FeedImageCell.swift */,
				08A3F2B1232AA1C200127C15 /* ErrorView.swift */,
				0822D0F023056FEB004B3345 /* Feed.storyboard */,
				0822D0F2230570F3004B3345 /* Feed.xcassets */,
			);
			path = Views;
			sourceTree = "<group>";
		};
		08FC5AA622D5F33000148E12 /* Feed UI */ = {
			isa = PBXGroup;
			children = (
				08EFB82A22D4A5F600A46837 /* Controllers */,
				08EFB82C22D4A60300A46837 /* Views */,
			);
			path = "Feed UI";
			sourceTree = "<group>";
		};
/* End PBXGroup section */

/* Begin PBXHeadersBuildPhase section */
		080EDEEC21B6DA7E00813479 /* Headers */ = {
			isa = PBXHeadersBuildPhase;
			buildActionMask = 2147483647;
			files = (
			);
			runOnlyForDeploymentPostprocessing = 0;
		};
		08D9179B22B92A5D003BC31B /* Headers */ = {
			isa = PBXHeadersBuildPhase;
			buildActionMask = 2147483647;
			files = (
			);
			runOnlyForDeploymentPostprocessing = 0;
		};
/* End PBXHeadersBuildPhase section */

/* Begin PBXNativeTarget section */
		080EDEF021B6DA7E00813479 /* EssentialFeed */ = {
			isa = PBXNativeTarget;
			buildConfigurationList = 080EDF0521B6DA7E00813479 /* Build configuration list for PBXNativeTarget "EssentialFeed" */;
			buildPhases = (
				080EDEEC21B6DA7E00813479 /* Headers */,
				080EDEED21B6DA7E00813479 /* Sources */,
				080EDEEE21B6DA7E00813479 /* Frameworks */,
				080EDEEF21B6DA7E00813479 /* Resources */,
			);
			buildRules = (
			);
			dependencies = (
			);
			name = EssentialFeed;
			productName = EssentialFeed;
			productReference = 080EDEF121B6DA7E00813479 /* EssentialFeed.framework */;
			productType = "com.apple.product-type.framework";
		};
		080EDEF921B6DA7E00813479 /* EssentialFeedTests */ = {
			isa = PBXNativeTarget;
			buildConfigurationList = 080EDF0821B6DA7E00813479 /* Build configuration list for PBXNativeTarget "EssentialFeedTests" */;
			buildPhases = (
				080EDEF621B6DA7E00813479 /* Sources */,
				080EDEF721B6DA7E00813479 /* Frameworks */,
				080EDEF821B6DA7E00813479 /* Resources */,
			);
			buildRules = (
			);
			dependencies = (
				080EDEFD21B6DA7E00813479 /* PBXTargetDependency */,
			);
			name = EssentialFeedTests;
			productName = EssentialFeedTests;
			productReference = 080EDEFA21B6DA7E00813479 /* EssentialFeedTests.xctest */;
			productType = "com.apple.product-type.bundle.unit-test";
		};
		0832C67C22A0223A00E1C5E9 /* EssentialFeedCacheIntegrationTests */ = {
			isa = PBXNativeTarget;
			buildConfigurationList = 0832C68722A0223B00E1C5E9 /* Build configuration list for PBXNativeTarget "EssentialFeedCacheIntegrationTests" */;
			buildPhases = (
				0832C67922A0223A00E1C5E9 /* Sources */,
				0832C67A22A0223A00E1C5E9 /* Frameworks */,
				0832C67B22A0223A00E1C5E9 /* Resources */,
			);
			buildRules = (
			);
			dependencies = (
				0832C68422A0223B00E1C5E9 /* PBXTargetDependency */,
			);
			name = EssentialFeedCacheIntegrationTests;
			productName = EssentialFeedCacheIntegrationTests;
			productReference = 0832C67D22A0223A00E1C5E9 /* EssentialFeedCacheIntegrationTests.xctest */;
			productType = "com.apple.product-type.bundle.unit-test";
		};
		0899395B220359C50031B03D /* EssentialFeedAPIEndToEndTests */ = {
			isa = PBXNativeTarget;
			buildConfigurationList = 08993966220359C50031B03D /* Build configuration list for PBXNativeTarget "EssentialFeedAPIEndToEndTests" */;
			buildPhases = (
				08993958220359C50031B03D /* Sources */,
				08993959220359C50031B03D /* Frameworks */,
				0899395A220359C50031B03D /* Resources */,
			);
			buildRules = (
			);
			dependencies = (
				08993963220359C50031B03D /* PBXTargetDependency */,
			);
			name = EssentialFeedAPIEndToEndTests;
			productName = EssentialFeedAPIEndToEndTests;
			productReference = 0899395C220359C50031B03D /* EssentialFeedAPIEndToEndTests.xctest */;
			productType = "com.apple.product-type.bundle.unit-test";
		};
		08D9179F22B92A5D003BC31B /* EssentialFeediOS */ = {
			isa = PBXNativeTarget;
			buildConfigurationList = 08D917B122B92A5D003BC31B /* Build configuration list for PBXNativeTarget "EssentialFeediOS" */;
			buildPhases = (
				08D9179B22B92A5D003BC31B /* Headers */,
				08D9179C22B92A5D003BC31B /* Sources */,
				08D9179D22B92A5D003BC31B /* Frameworks */,
				08D9179E22B92A5D003BC31B /* Resources */,
			);
			buildRules = (
			);
			dependencies = (
			);
			name = EssentialFeediOS;
			productName = EssentialFeediOS;
			productReference = 08D917A022B92A5D003BC31B /* EssentialFeediOS.framework */;
			productType = "com.apple.product-type.framework";
		};
		08D917A722B92A5D003BC31B /* EssentialFeediOSTests */ = {
			isa = PBXNativeTarget;
			buildConfigurationList = 08D917B422B92A5D003BC31B /* Build configuration list for PBXNativeTarget "EssentialFeediOSTests" */;
			buildPhases = (
				08D917A422B92A5D003BC31B /* Sources */,
				08D917A522B92A5D003BC31B /* Frameworks */,
				08D917A622B92A5D003BC31B /* Resources */,
			);
			buildRules = (
			);
			dependencies = (
				08D917AB22B92A5D003BC31B /* PBXTargetDependency */,
			);
			name = EssentialFeediOSTests;
			productName = EssentialFeediOSTests;
			productReference = 08D917A822B92A5D003BC31B /* EssentialFeediOSTests.xctest */;
			productType = "com.apple.product-type.bundle.unit-test";
		};
/* End PBXNativeTarget section */

/* Begin PBXProject section */
		080EDEE821B6DA7E00813479 /* Project object */ = {
			isa = PBXProject;
			attributes = {
				LastSwiftUpdateCheck = 1020;
				LastUpgradeCheck = 1020;
				ORGANIZATIONNAME = "Essential Developer";
				TargetAttributes = {
					080EDEF021B6DA7E00813479 = {
						CreatedOnToolsVersion = 10.1;
						LastSwiftMigration = 1020;
					};
					080EDEF921B6DA7E00813479 = {
						CreatedOnToolsVersion = 10.1;
						LastSwiftMigration = 1020;
					};
					0832C67C22A0223A00E1C5E9 = {
						CreatedOnToolsVersion = 10.1;
						LastSwiftMigration = 1020;
					};
					0899395B220359C50031B03D = {
						CreatedOnToolsVersion = 10.1;
						LastSwiftMigration = 1020;
					};
					08D9179F22B92A5D003BC31B = {
						CreatedOnToolsVersion = 10.2.1;
						LastSwiftMigration = 1020;
					};
					08D917A722B92A5D003BC31B = {
						CreatedOnToolsVersion = 10.2.1;
						LastSwiftMigration = 1020;
					};
				};
			};
			buildConfigurationList = 080EDEEB21B6DA7E00813479 /* Build configuration list for PBXProject "EssentialFeed" */;
			compatibilityVersion = "Xcode 9.3";
			developmentRegion = en;
			hasScannedForEncodings = 0;
			knownRegions = (
				en,
				Base,
				"pt-BR",
				el,
			);
			mainGroup = 080EDEE721B6DA7E00813479;
			productRefGroup = 080EDEF221B6DA7E00813479 /* Products */;
			projectDirPath = "";
			projectRoot = "";
			targets = (
				080EDEF021B6DA7E00813479 /* EssentialFeed */,
				080EDEF921B6DA7E00813479 /* EssentialFeedTests */,
				0899395B220359C50031B03D /* EssentialFeedAPIEndToEndTests */,
				0832C67C22A0223A00E1C5E9 /* EssentialFeedCacheIntegrationTests */,
				08D9179F22B92A5D003BC31B /* EssentialFeediOS */,
				08D917A722B92A5D003BC31B /* EssentialFeediOSTests */,
			);
		};
/* End PBXProject section */

/* Begin PBXResourcesBuildPhase section */
		080EDEEF21B6DA7E00813479 /* Resources */ = {
			isa = PBXResourcesBuildPhase;
			buildActionMask = 2147483647;
			files = (
				087148B7232BEB5400D6BE1A /* Feed.strings in Resources */,
			);
			runOnlyForDeploymentPostprocessing = 0;
		};
		080EDEF821B6DA7E00813479 /* Resources */ = {
			isa = PBXResourcesBuildPhase;
			buildActionMask = 2147483647;
			files = (
			);
			runOnlyForDeploymentPostprocessing = 0;
		};
		0832C67B22A0223A00E1C5E9 /* Resources */ = {
			isa = PBXResourcesBuildPhase;
			buildActionMask = 2147483647;
			files = (
			);
			runOnlyForDeploymentPostprocessing = 0;
		};
		0899395A220359C50031B03D /* Resources */ = {
			isa = PBXResourcesBuildPhase;
			buildActionMask = 2147483647;
			files = (
			);
			runOnlyForDeploymentPostprocessing = 0;
		};
		08D9179E22B92A5D003BC31B /* Resources */ = {
			isa = PBXResourcesBuildPhase;
			buildActionMask = 2147483647;
			files = (
				0822D0F123056FEB004B3345 /* Feed.storyboard in Resources */,
				0822D0F3230570F3004B3345 /* Feed.xcassets in Resources */,
			);
			runOnlyForDeploymentPostprocessing = 0;
		};
		08D917A622B92A5D003BC31B /* Resources */ = {
			isa = PBXResourcesBuildPhase;
			buildActionMask = 2147483647;
			files = (
			);
			runOnlyForDeploymentPostprocessing = 0;
		};
/* End PBXResourcesBuildPhase section */

/* Begin PBXSourcesBuildPhase section */
		080EDEED21B6DA7E00813479 /* Sources */ = {
			isa = PBXSourcesBuildPhase;
			buildActionMask = 2147483647;
			files = (
				08C4E986233E139400D939F8 /* LocalFeedImageDataLoader.swift in Sources */,
				08285AFB228C17B8000A8987 /* CoreDataHelpers.swift in Sources */,
				08C0880E21E4EF2900ACFB30 /* FeedItemsMapper.swift in Sources */,
				080EDF0E21B6DCB600813479 /* FeedLoader.swift in Sources */,
				08868938221DAA01007BC3E7 /* RemoteFeedItem.swift in Sources */,
				087148C4232BFCF100D6BE1A /* FeedImageViewModel.swift in Sources */,
				08E5941522523FCC00E2D213 /* FeedCachePolicy.swift in Sources */,
				08897BED23393A2E0029F5E4 /* RemoteFeedImageDataLoader.swift in Sources */,
				08B42EA421C3F09A00DDA349 /* RemoteFeedLoader.swift in Sources */,
				08285AF4228BFAFF000A8987 /* FeedStore.xcdatamodeld in Sources */,
				08604505233E316F005ECD22 /* CoreDataFeedStore+FeedStore.swift in Sources */,
				0886893A221DAA34007BC3E7 /* LocalFeedImage.swift in Sources */,
				087148B9232BEBD800D6BE1A /* FeedViewModel.swift in Sources */,
				089C40DE22170F2300DE552E /* FeedStore.swift in Sources */,
				089C40DC22170EC500DE552E /* LocalFeedLoader.swift in Sources */,
				08C0880C21E4EED600ACFB30 /* HTTPClient.swift in Sources */,
				080EDF0C21B6DAE800813479 /* FeedImage.swift in Sources */,
				0804862E236345A40087ED48 /* FeedImageDataCache.swift in Sources */,
				08C4E988233E13CC00D939F8 /* FeedImageDataStore.swift in Sources */,
				087148B6232BEAAF00D6BE1A /* FeedPresenter.swift in Sources */,
				0844769121FCBE7D00439BE9 /* URLSessionHTTPClient.swift in Sources */,
				08897BEF233A1C8E0029F5E4 /* HTTPURLResponse+StatusCode.swift in Sources */,
				08285AFD228C1843000A8987 /* ManagedCache.swift in Sources */,
				08285AF1228BF91E000A8987 /* CoreDataFeedStore.swift in Sources */,
				087148BD232BEC6700D6BE1A /* FeedErrorViewModel.swift in Sources */,
				08897BE623390F4E0029F5E4 /* FeedImageDataLoader.swift in Sources */,
				087148BB232BEC1200D6BE1A /* FeedLoadingViewModel.swift in Sources */,
				08604503233E2917005ECD22 /* CoreDataFeedStore+FeedImageDataLoader.swift in Sources */,
				087148C2232BFC7100D6BE1A /* FeedImagePresenter.swift in Sources */,
				08F8822D236499B200CAEE16 /* FeedCache.swift in Sources */,
				08285AFF228C1874000A8987 /* ManagedFeedImage.swift in Sources */,
			);
			runOnlyForDeploymentPostprocessing = 0;
		};
		080EDEF621B6DA7E00813479 /* Sources */ = {
			isa = PBXSourcesBuildPhase;
			buildActionMask = 2147483647;
			files = (
				081C0DB122491E1200AC754E /* FeedCacheTestHelpers.swift in Sources */,
				08805A19233A9F8600509F19 /* URLProtocolStub.swift in Sources */,
				081C0DAF22491A2400AC754E /* ValidateFeedCacheUseCaseTests.swift in Sources */,
				087148AC232BDF6900D6BE1A /* FeedPresenterTests.swift in Sources */,
				08897BE8233910040029F5E4 /* LoadFeedImageDataFromRemoteUseCaseTests.swift in Sources */,
				08DDC13A21BEA99E00F490ED /* LoadFeedFromRemoteUseCaseTests.swift in Sources */,
				087148C0232BF27700D6BE1A /* FeedImagePresenterTests.swift in Sources */,
				087546922272381700542C32 /* XCTestCase+FailableInsertFeedStoreSpecs.swift in Sources */,
				086044FE233E1A90005ECD22 /* CacheFeedImageDataUseCaseTests.swift in Sources */,
				087148BE232BEDFD00D6BE1A /* FeedLocalizationTests.swift in Sources */,
				082DB86421F763F900A71F69 /* URLSessionHTTPClientTests.swift in Sources */,
				08C4E984233E037200D939F8 /* LoadFeedImageDataFromCacheUseCaseTests.swift in Sources */,
				08897BEB233939B60029F5E4 /* HTTPClientSpy.swift in Sources */,
				086BE4842232725E004CDC26 /* FeedStoreSpy.swift in Sources */,
				081C0DB322491EEF00AC754E /* SharedTestHelpers.swift in Sources */,
				089C40D42216C37400DE552E /* CacheFeedUseCaseTests.swift in Sources */,
				086044FC233E1A3B005ECD22 /* FeedImageDataStoreSpy.swift in Sources */,
				08604500233E2294005ECD22 /* CoreDataFeedImageDataStoreTests.swift in Sources */,
				087546942272387900542C32 /* XCTestCase+FailableDeleteFeedStoreSpecs.swift in Sources */,
				08754690227237C900542C32 /* XCTestCase+FailableRetrieveFeedStoreSpecs.swift in Sources */,
				086BE481223270A3004CDC26 /* LoadFeedFromCacheUseCaseTests.swift in Sources */,
				0875468C2272340500542C32 /* FeedStoreSpecs.swift in Sources */,
				0844768F21FCB24E00439BE9 /* XCTestCase+MemoryLeakTracking.swift in Sources */,
				08285AEF228BF7E3000A8987 /* CoreDataFeedStoreTests.swift in Sources */,
				0875468E227234AB00542C32 /* XCTestCase+FeedStoreSpecs.swift in Sources */,
			);
			runOnlyForDeploymentPostprocessing = 0;
		};
		0832C67922A0223A00E1C5E9 /* Sources */ = {
			isa = PBXSourcesBuildPhase;
			buildActionMask = 2147483647;
			files = (
				0832C68A22A026C100E1C5E9 /* SharedTestHelpers.swift in Sources */,
				0832C68022A0223A00E1C5E9 /* EssentialFeedCacheIntegrationTests.swift in Sources */,
				0832C68922A0268400E1C5E9 /* FeedCacheTestHelpers.swift in Sources */,
				0832C68822A024E800E1C5E9 /* XCTestCase+MemoryLeakTracking.swift in Sources */,
			);
			runOnlyForDeploymentPostprocessing = 0;
		};
		08993958220359C50031B03D /* Sources */ = {
			isa = PBXSourcesBuildPhase;
			buildActionMask = 2147483647;
			files = (
				0899395F220359C50031B03D /* EssentialFeedAPIEndToEndTests.swift in Sources */,
				0845C25E22035FBD003C5EF1 /* XCTestCase+MemoryLeakTracking.swift in Sources */,
			);
			runOnlyForDeploymentPostprocessing = 0;
		};
		08D9179C22B92A5D003BC31B /* Sources */ = {
			isa = PBXSourcesBuildPhase;
			buildActionMask = 2147483647;
			files = (
				086AEFBE23A7E75400EE8933 /* UITableView+HeaderSizing.swift in Sources */,
				08A3F2B2232AA1C200127C15 /* ErrorView.swift in Sources */,
				08A3F2BB232BA64700127C15 /* UIRefreshControl+Helpers.swift in Sources */,
				08B5EB5022CE328100FE8683 /* UIView+Shimmering.swift in Sources */,
				0822D0F523058078004B3345 /* UITableView+Dequeueing.swift in Sources */,
				08BB7EAB22C1425100F8B83C /* FeedViewController.swift in Sources */,
				0822D0F7230581D2004B3345 /* UIImageView+Animations.swift in Sources */,
				08B5EB4E22CE244400FE8683 /* FeedImageCell.swift in Sources */,
				08EFE6BD22D6384100DA417A /* FeedImageCellController.swift in Sources */,
			);
			runOnlyForDeploymentPostprocessing = 0;
		};
		08D917A422B92A5D003BC31B /* Sources */ = {
			isa = PBXSourcesBuildPhase;
			buildActionMask = 2147483647;
			files = (
				08BB7EA922C138AC00F8B83C /* XCTestCase+MemoryLeakTracking.swift in Sources */,
				086AEFB923A7DFA400EE8933 /* FeedSnapshotTests.swift in Sources */,
				0800314923B6909A00720217 /* XCTestCase+Snapshot.swift in Sources */,
				0800314723B68FAB00720217 /* UIViewController+Snapshot.swift in Sources */,
				086AEFBC23A7E5C300EE8933 /* UIImage+TestHelpers.swift in Sources */,
			);
			runOnlyForDeploymentPostprocessing = 0;
		};
/* End PBXSourcesBuildPhase section */

/* Begin PBXTargetDependency section */
		080EDEFD21B6DA7E00813479 /* PBXTargetDependency */ = {
			isa = PBXTargetDependency;
			target = 080EDEF021B6DA7E00813479 /* EssentialFeed */;
			targetProxy = 080EDEFC21B6DA7E00813479 /* PBXContainerItemProxy */;
		};
		0832C68422A0223B00E1C5E9 /* PBXTargetDependency */ = {
			isa = PBXTargetDependency;
			target = 080EDEF021B6DA7E00813479 /* EssentialFeed */;
			targetProxy = 0832C68322A0223B00E1C5E9 /* PBXContainerItemProxy */;
		};
		08993963220359C50031B03D /* PBXTargetDependency */ = {
			isa = PBXTargetDependency;
			target = 080EDEF021B6DA7E00813479 /* EssentialFeed */;
			targetProxy = 08993962220359C50031B03D /* PBXContainerItemProxy */;
		};
		08D917AB22B92A5D003BC31B /* PBXTargetDependency */ = {
			isa = PBXTargetDependency;
			target = 08D9179F22B92A5D003BC31B /* EssentialFeediOS */;
			targetProxy = 08D917AA22B92A5D003BC31B /* PBXContainerItemProxy */;
		};
/* End PBXTargetDependency section */

/* Begin PBXVariantGroup section */
		087148B1232BE90A00D6BE1A /* Feed.strings */ = {
			isa = PBXVariantGroup;
			children = (
				087148B0232BE90A00D6BE1A /* en */,
				087148B2232BE90C00D6BE1A /* pt-BR */,
				087148B3232BE90D00D6BE1A /* el */,
			);
			name = Feed.strings;
			sourceTree = "<group>";
		};
/* End PBXVariantGroup section */

/* Begin XCBuildConfiguration section */
		080EDF0321B6DA7E00813479 /* Debug */ = {
			isa = XCBuildConfiguration;
			buildSettings = {
				ALWAYS_SEARCH_USER_PATHS = NO;
				CLANG_ANALYZER_LOCALIZABILITY_NONLOCALIZED = YES;
				CLANG_ANALYZER_NONNULL = YES;
				CLANG_ANALYZER_NUMBER_OBJECT_CONVERSION = YES_AGGRESSIVE;
				CLANG_CXX_LANGUAGE_STANDARD = "gnu++14";
				CLANG_CXX_LIBRARY = "libc++";
				CLANG_ENABLE_MODULES = YES;
				CLANG_ENABLE_OBJC_ARC = YES;
				CLANG_ENABLE_OBJC_WEAK = YES;
				CLANG_WARN_BLOCK_CAPTURE_AUTORELEASING = YES;
				CLANG_WARN_BOOL_CONVERSION = YES;
				CLANG_WARN_COMMA = YES;
				CLANG_WARN_CONSTANT_CONVERSION = YES;
				CLANG_WARN_DEPRECATED_OBJC_IMPLEMENTATIONS = YES;
				CLANG_WARN_DIRECT_OBJC_ISA_USAGE = YES_ERROR;
				CLANG_WARN_DOCUMENTATION_COMMENTS = YES;
				CLANG_WARN_EMPTY_BODY = YES;
				CLANG_WARN_ENUM_CONVERSION = YES;
				CLANG_WARN_INFINITE_RECURSION = YES;
				CLANG_WARN_INT_CONVERSION = YES;
				CLANG_WARN_NON_LITERAL_NULL_CONVERSION = YES;
				CLANG_WARN_OBJC_IMPLICIT_RETAIN_SELF = YES;
				CLANG_WARN_OBJC_LITERAL_CONVERSION = YES;
				CLANG_WARN_OBJC_ROOT_CLASS = YES_ERROR;
				CLANG_WARN_RANGE_LOOP_ANALYSIS = YES;
				CLANG_WARN_STRICT_PROTOTYPES = YES;
				CLANG_WARN_SUSPICIOUS_MOVE = YES;
				CLANG_WARN_UNGUARDED_AVAILABILITY = YES_AGGRESSIVE;
				CLANG_WARN_UNREACHABLE_CODE = YES;
				CLANG_WARN__DUPLICATE_METHOD_MATCH = YES;
				CODE_SIGN_IDENTITY = "Mac Developer";
				COPY_PHASE_STRIP = NO;
				CURRENT_PROJECT_VERSION = 1;
				DEBUG_INFORMATION_FORMAT = dwarf;
				ENABLE_STRICT_OBJC_MSGSEND = YES;
				ENABLE_TESTABILITY = YES;
				GCC_C_LANGUAGE_STANDARD = gnu11;
				GCC_DYNAMIC_NO_PIC = NO;
				GCC_NO_COMMON_BLOCKS = YES;
				GCC_OPTIMIZATION_LEVEL = 0;
				GCC_PREPROCESSOR_DEFINITIONS = (
					"DEBUG=1",
					"$(inherited)",
				);
				GCC_WARN_64_TO_32_BIT_CONVERSION = YES;
				GCC_WARN_ABOUT_RETURN_TYPE = YES_ERROR;
				GCC_WARN_UNDECLARED_SELECTOR = YES;
				GCC_WARN_UNINITIALIZED_AUTOS = YES_AGGRESSIVE;
				GCC_WARN_UNUSED_FUNCTION = YES;
				GCC_WARN_UNUSED_VARIABLE = YES;
				IPHONEOS_DEPLOYMENT_TARGET = 12.0;
				MACOSX_DEPLOYMENT_TARGET = 10.14;
				MTL_ENABLE_DEBUG_INFO = INCLUDE_SOURCE;
				MTL_FAST_MATH = YES;
				ONLY_ACTIVE_ARCH = YES;
				SDKROOT = macosx;
				SWIFT_ACTIVE_COMPILATION_CONDITIONS = DEBUG;
				SWIFT_OPTIMIZATION_LEVEL = "-Onone";
				VERSIONING_SYSTEM = "apple-generic";
				VERSION_INFO_PREFIX = "";
			};
			name = Debug;
		};
		080EDF0421B6DA7E00813479 /* Release */ = {
			isa = XCBuildConfiguration;
			buildSettings = {
				ALWAYS_SEARCH_USER_PATHS = NO;
				CLANG_ANALYZER_LOCALIZABILITY_NONLOCALIZED = YES;
				CLANG_ANALYZER_NONNULL = YES;
				CLANG_ANALYZER_NUMBER_OBJECT_CONVERSION = YES_AGGRESSIVE;
				CLANG_CXX_LANGUAGE_STANDARD = "gnu++14";
				CLANG_CXX_LIBRARY = "libc++";
				CLANG_ENABLE_MODULES = YES;
				CLANG_ENABLE_OBJC_ARC = YES;
				CLANG_ENABLE_OBJC_WEAK = YES;
				CLANG_WARN_BLOCK_CAPTURE_AUTORELEASING = YES;
				CLANG_WARN_BOOL_CONVERSION = YES;
				CLANG_WARN_COMMA = YES;
				CLANG_WARN_CONSTANT_CONVERSION = YES;
				CLANG_WARN_DEPRECATED_OBJC_IMPLEMENTATIONS = YES;
				CLANG_WARN_DIRECT_OBJC_ISA_USAGE = YES_ERROR;
				CLANG_WARN_DOCUMENTATION_COMMENTS = YES;
				CLANG_WARN_EMPTY_BODY = YES;
				CLANG_WARN_ENUM_CONVERSION = YES;
				CLANG_WARN_INFINITE_RECURSION = YES;
				CLANG_WARN_INT_CONVERSION = YES;
				CLANG_WARN_NON_LITERAL_NULL_CONVERSION = YES;
				CLANG_WARN_OBJC_IMPLICIT_RETAIN_SELF = YES;
				CLANG_WARN_OBJC_LITERAL_CONVERSION = YES;
				CLANG_WARN_OBJC_ROOT_CLASS = YES_ERROR;
				CLANG_WARN_RANGE_LOOP_ANALYSIS = YES;
				CLANG_WARN_STRICT_PROTOTYPES = YES;
				CLANG_WARN_SUSPICIOUS_MOVE = YES;
				CLANG_WARN_UNGUARDED_AVAILABILITY = YES_AGGRESSIVE;
				CLANG_WARN_UNREACHABLE_CODE = YES;
				CLANG_WARN__DUPLICATE_METHOD_MATCH = YES;
				CODE_SIGN_IDENTITY = "Mac Developer";
				COPY_PHASE_STRIP = NO;
				CURRENT_PROJECT_VERSION = 1;
				DEBUG_INFORMATION_FORMAT = "dwarf-with-dsym";
				ENABLE_NS_ASSERTIONS = NO;
				ENABLE_STRICT_OBJC_MSGSEND = YES;
				GCC_C_LANGUAGE_STANDARD = gnu11;
				GCC_NO_COMMON_BLOCKS = YES;
				GCC_WARN_64_TO_32_BIT_CONVERSION = YES;
				GCC_WARN_ABOUT_RETURN_TYPE = YES_ERROR;
				GCC_WARN_UNDECLARED_SELECTOR = YES;
				GCC_WARN_UNINITIALIZED_AUTOS = YES_AGGRESSIVE;
				GCC_WARN_UNUSED_FUNCTION = YES;
				GCC_WARN_UNUSED_VARIABLE = YES;
				IPHONEOS_DEPLOYMENT_TARGET = 12.0;
				MACOSX_DEPLOYMENT_TARGET = 10.14;
				MTL_ENABLE_DEBUG_INFO = NO;
				MTL_FAST_MATH = YES;
				SDKROOT = macosx;
				SWIFT_COMPILATION_MODE = wholemodule;
				SWIFT_OPTIMIZATION_LEVEL = "-O";
				VERSIONING_SYSTEM = "apple-generic";
				VERSION_INFO_PREFIX = "";
			};
			name = Release;
		};
		080EDF0621B6DA7E00813479 /* Debug */ = {
			isa = XCBuildConfiguration;
			buildSettings = {
				CLANG_ENABLE_MODULES = YES;
				CODE_SIGN_IDENTITY = "";
				CODE_SIGN_STYLE = Automatic;
				COMBINE_HIDPI_IMAGES = YES;
				DEFINES_MODULE = YES;
				DEVELOPMENT_TEAM = VRJ2W4578X;
				DYLIB_COMPATIBILITY_VERSION = 1;
				DYLIB_CURRENT_VERSION = 1;
				DYLIB_INSTALL_NAME_BASE = "@rpath";
				FRAMEWORK_VERSION = A;
				INFOPLIST_FILE = EssentialFeed/Info.plist;
				INSTALL_PATH = "$(LOCAL_LIBRARY_DIR)/Frameworks";
				LD_RUNPATH_SEARCH_PATHS = (
					"$(inherited)",
					"@executable_path/../Frameworks",
					"@loader_path/Frameworks",
				);
				PRODUCT_BUNDLE_IDENTIFIER = com.essentialdeveloper.EssentialFeed;
				PRODUCT_NAME = "$(TARGET_NAME:c99extidentifier)";
				SKIP_INSTALL = YES;
				SUPPORTED_PLATFORMS = "macosx iphoneos iphonesimulator";
				SWIFT_OPTIMIZATION_LEVEL = "-Onone";
				SWIFT_VERSION = 5.0;
			};
			name = Debug;
		};
		080EDF0721B6DA7E00813479 /* Release */ = {
			isa = XCBuildConfiguration;
			buildSettings = {
				CLANG_ENABLE_MODULES = YES;
				CODE_SIGN_IDENTITY = "";
				CODE_SIGN_STYLE = Automatic;
				COMBINE_HIDPI_IMAGES = YES;
				DEFINES_MODULE = YES;
				DEVELOPMENT_TEAM = VRJ2W4578X;
				DYLIB_COMPATIBILITY_VERSION = 1;
				DYLIB_CURRENT_VERSION = 1;
				DYLIB_INSTALL_NAME_BASE = "@rpath";
				FRAMEWORK_VERSION = A;
				INFOPLIST_FILE = EssentialFeed/Info.plist;
				INSTALL_PATH = "$(LOCAL_LIBRARY_DIR)/Frameworks";
				LD_RUNPATH_SEARCH_PATHS = (
					"$(inherited)",
					"@executable_path/../Frameworks",
					"@loader_path/Frameworks",
				);
				PRODUCT_BUNDLE_IDENTIFIER = com.essentialdeveloper.EssentialFeed;
				PRODUCT_NAME = "$(TARGET_NAME:c99extidentifier)";
				SKIP_INSTALL = YES;
				SUPPORTED_PLATFORMS = "macosx iphoneos iphonesimulator";
				SWIFT_VERSION = 5.0;
			};
			name = Release;
		};
		080EDF0921B6DA7E00813479 /* Debug */ = {
			isa = XCBuildConfiguration;
			buildSettings = {
				ALWAYS_EMBED_SWIFT_STANDARD_LIBRARIES = YES;
				CLANG_ENABLE_MODULES = YES;
				CODE_SIGN_STYLE = Automatic;
				COMBINE_HIDPI_IMAGES = YES;
				DEVELOPMENT_TEAM = VRJ2W4578X;
				INFOPLIST_FILE = EssentialFeedTests/Info.plist;
				LD_RUNPATH_SEARCH_PATHS = (
					"$(inherited)",
					"@executable_path/../Frameworks",
					"@loader_path/../Frameworks",
				);
				PRODUCT_BUNDLE_IDENTIFIER = com.essentialdeveloper.EssentialFeedTests;
				PRODUCT_NAME = "$(TARGET_NAME)";
				SUPPORTED_PLATFORMS = "macosx iphoneos iphonesimulator";
				SWIFT_OPTIMIZATION_LEVEL = "-Onone";
				SWIFT_VERSION = 5.0;
			};
			name = Debug;
		};
		080EDF0A21B6DA7E00813479 /* Release */ = {
			isa = XCBuildConfiguration;
			buildSettings = {
				ALWAYS_EMBED_SWIFT_STANDARD_LIBRARIES = YES;
				CLANG_ENABLE_MODULES = YES;
				CODE_SIGN_STYLE = Automatic;
				COMBINE_HIDPI_IMAGES = YES;
				DEVELOPMENT_TEAM = VRJ2W4578X;
				INFOPLIST_FILE = EssentialFeedTests/Info.plist;
				LD_RUNPATH_SEARCH_PATHS = (
					"$(inherited)",
					"@executable_path/../Frameworks",
					"@loader_path/../Frameworks",
				);
				PRODUCT_BUNDLE_IDENTIFIER = com.essentialdeveloper.EssentialFeedTests;
				PRODUCT_NAME = "$(TARGET_NAME)";
				SUPPORTED_PLATFORMS = "macosx iphoneos iphonesimulator";
				SWIFT_VERSION = 5.0;
			};
			name = Release;
		};
		0832C68522A0223B00E1C5E9 /* Debug */ = {
			isa = XCBuildConfiguration;
			buildSettings = {
				CODE_SIGN_STYLE = Automatic;
				COMBINE_HIDPI_IMAGES = YES;
				DEVELOPMENT_TEAM = VRJ2W4578X;
				INFOPLIST_FILE = EssentialFeedCacheIntegrationTests/Info.plist;
				LD_RUNPATH_SEARCH_PATHS = (
					"$(inherited)",
					"@executable_path/../Frameworks",
					"@loader_path/../Frameworks",
				);
				PRODUCT_BUNDLE_IDENTIFIER = com.essentialdeveloper.EssentialFeedCacheIntegrationTests;
				PRODUCT_NAME = "$(TARGET_NAME)";
				SUPPORTED_PLATFORMS = "macosx iphoneos iphonesimulator";
				SWIFT_VERSION = 5.0;
			};
			name = Debug;
		};
		0832C68622A0223B00E1C5E9 /* Release */ = {
			isa = XCBuildConfiguration;
			buildSettings = {
				CODE_SIGN_STYLE = Automatic;
				COMBINE_HIDPI_IMAGES = YES;
				DEVELOPMENT_TEAM = VRJ2W4578X;
				INFOPLIST_FILE = EssentialFeedCacheIntegrationTests/Info.plist;
				LD_RUNPATH_SEARCH_PATHS = (
					"$(inherited)",
					"@executable_path/../Frameworks",
					"@loader_path/../Frameworks",
				);
				PRODUCT_BUNDLE_IDENTIFIER = com.essentialdeveloper.EssentialFeedCacheIntegrationTests;
				PRODUCT_NAME = "$(TARGET_NAME)";
				SUPPORTED_PLATFORMS = "macosx iphoneos iphonesimulator";
				SWIFT_VERSION = 5.0;
			};
			name = Release;
		};
		08993964220359C50031B03D /* Debug */ = {
			isa = XCBuildConfiguration;
			buildSettings = {
				CODE_SIGN_STYLE = Automatic;
				COMBINE_HIDPI_IMAGES = YES;
				DEVELOPMENT_TEAM = VRJ2W4578X;
				INFOPLIST_FILE = EssentialFeedAPIEndToEndTests/Info.plist;
				LD_RUNPATH_SEARCH_PATHS = (
					"$(inherited)",
					"@executable_path/../Frameworks",
					"@loader_path/../Frameworks",
				);
				PRODUCT_BUNDLE_IDENTIFIER = com.essentialdeveloper.EssentialFeedAPIEndToEndTests;
				PRODUCT_NAME = "$(TARGET_NAME)";
				SUPPORTED_PLATFORMS = "macosx iphoneos iphonesimulator";
				SWIFT_VERSION = 5.0;
			};
			name = Debug;
		};
		08993965220359C50031B03D /* Release */ = {
			isa = XCBuildConfiguration;
			buildSettings = {
				CODE_SIGN_STYLE = Automatic;
				COMBINE_HIDPI_IMAGES = YES;
				DEVELOPMENT_TEAM = VRJ2W4578X;
				INFOPLIST_FILE = EssentialFeedAPIEndToEndTests/Info.plist;
				LD_RUNPATH_SEARCH_PATHS = (
					"$(inherited)",
					"@executable_path/../Frameworks",
					"@loader_path/../Frameworks",
				);
				PRODUCT_BUNDLE_IDENTIFIER = com.essentialdeveloper.EssentialFeedAPIEndToEndTests;
				PRODUCT_NAME = "$(TARGET_NAME)";
				SUPPORTED_PLATFORMS = "macosx iphoneos iphonesimulator";
				SWIFT_VERSION = 5.0;
			};
			name = Release;
		};
		08D917B222B92A5D003BC31B /* Debug */ = {
			isa = XCBuildConfiguration;
			buildSettings = {
				CLANG_ENABLE_MODULES = YES;
				CODE_SIGN_IDENTITY = "";
				CODE_SIGN_STYLE = Automatic;
				DEFINES_MODULE = YES;
				DEVELOPMENT_TEAM = VRJ2W4578X;
				DYLIB_COMPATIBILITY_VERSION = 1;
				DYLIB_CURRENT_VERSION = 1;
				DYLIB_INSTALL_NAME_BASE = "@rpath";
				INFOPLIST_FILE = EssentialFeediOS/Info.plist;
				INSTALL_PATH = "$(LOCAL_LIBRARY_DIR)/Frameworks";
				LD_RUNPATH_SEARCH_PATHS = (
					"$(inherited)",
					"@executable_path/Frameworks",
					"@loader_path/Frameworks",
				);
				PRODUCT_BUNDLE_IDENTIFIER = com.essentialdeveloper.EssentialFeediOS;
				PRODUCT_NAME = "$(TARGET_NAME:c99extidentifier)";
				SDKROOT = iphoneos;
				SKIP_INSTALL = YES;
				SWIFT_OPTIMIZATION_LEVEL = "-Onone";
				SWIFT_VERSION = 5.0;
				TARGETED_DEVICE_FAMILY = "1,2";
			};
			name = Debug;
		};
		08D917B322B92A5D003BC31B /* Release */ = {
			isa = XCBuildConfiguration;
			buildSettings = {
				CLANG_ENABLE_MODULES = YES;
				CODE_SIGN_IDENTITY = "";
				CODE_SIGN_STYLE = Automatic;
				DEFINES_MODULE = YES;
				DEVELOPMENT_TEAM = VRJ2W4578X;
				DYLIB_COMPATIBILITY_VERSION = 1;
				DYLIB_CURRENT_VERSION = 1;
				DYLIB_INSTALL_NAME_BASE = "@rpath";
				INFOPLIST_FILE = EssentialFeediOS/Info.plist;
				INSTALL_PATH = "$(LOCAL_LIBRARY_DIR)/Frameworks";
				LD_RUNPATH_SEARCH_PATHS = (
					"$(inherited)",
					"@executable_path/Frameworks",
					"@loader_path/Frameworks",
				);
				PRODUCT_BUNDLE_IDENTIFIER = com.essentialdeveloper.EssentialFeediOS;
				PRODUCT_NAME = "$(TARGET_NAME:c99extidentifier)";
				SDKROOT = iphoneos;
				SKIP_INSTALL = YES;
				SWIFT_VERSION = 5.0;
				TARGETED_DEVICE_FAMILY = "1,2";
				VALIDATE_PRODUCT = YES;
			};
			name = Release;
		};
		08D917B522B92A5D003BC31B /* Debug */ = {
			isa = XCBuildConfiguration;
			buildSettings = {
				ALWAYS_EMBED_SWIFT_STANDARD_LIBRARIES = YES;
				CLANG_ENABLE_MODULES = YES;
				CODE_SIGN_IDENTITY = "iPhone Developer";
				CODE_SIGN_STYLE = Automatic;
				DEVELOPMENT_TEAM = VRJ2W4578X;
				INFOPLIST_FILE = EssentialFeediOSTests/Info.plist;
				LD_RUNPATH_SEARCH_PATHS = (
					"$(inherited)",
					"@executable_path/Frameworks",
					"@loader_path/Frameworks",
				);
				PRODUCT_BUNDLE_IDENTIFIER = com.essentialdeveloper.EssentialFeediOSTests;
				PRODUCT_NAME = "$(TARGET_NAME)";
				SDKROOT = iphoneos;
				SWIFT_OPTIMIZATION_LEVEL = "-Onone";
				SWIFT_VERSION = 5.0;
				TARGETED_DEVICE_FAMILY = "1,2";
			};
			name = Debug;
		};
		08D917B622B92A5D003BC31B /* Release */ = {
			isa = XCBuildConfiguration;
			buildSettings = {
				ALWAYS_EMBED_SWIFT_STANDARD_LIBRARIES = YES;
				CLANG_ENABLE_MODULES = YES;
				CODE_SIGN_IDENTITY = "iPhone Developer";
				CODE_SIGN_STYLE = Automatic;
				DEVELOPMENT_TEAM = VRJ2W4578X;
				INFOPLIST_FILE = EssentialFeediOSTests/Info.plist;
				LD_RUNPATH_SEARCH_PATHS = (
					"$(inherited)",
					"@executable_path/Frameworks",
					"@loader_path/Frameworks",
				);
				PRODUCT_BUNDLE_IDENTIFIER = com.essentialdeveloper.EssentialFeediOSTests;
				PRODUCT_NAME = "$(TARGET_NAME)";
				SDKROOT = iphoneos;
				SWIFT_VERSION = 5.0;
				TARGETED_DEVICE_FAMILY = "1,2";
				VALIDATE_PRODUCT = YES;
			};
			name = Release;
		};
/* End XCBuildConfiguration section */

/* Begin XCConfigurationList section */
		080EDEEB21B6DA7E00813479 /* Build configuration list for PBXProject "EssentialFeed" */ = {
			isa = XCConfigurationList;
			buildConfigurations = (
				080EDF0321B6DA7E00813479 /* Debug */,
				080EDF0421B6DA7E00813479 /* Release */,
			);
			defaultConfigurationIsVisible = 0;
			defaultConfigurationName = Release;
		};
		080EDF0521B6DA7E00813479 /* Build configuration list for PBXNativeTarget "EssentialFeed" */ = {
			isa = XCConfigurationList;
			buildConfigurations = (
				080EDF0621B6DA7E00813479 /* Debug */,
				080EDF0721B6DA7E00813479 /* Release */,
			);
			defaultConfigurationIsVisible = 0;
			defaultConfigurationName = Release;
		};
		080EDF0821B6DA7E00813479 /* Build configuration list for PBXNativeTarget "EssentialFeedTests" */ = {
			isa = XCConfigurationList;
			buildConfigurations = (
				080EDF0921B6DA7E00813479 /* Debug */,
				080EDF0A21B6DA7E00813479 /* Release */,
			);
			defaultConfigurationIsVisible = 0;
			defaultConfigurationName = Release;
		};
		0832C68722A0223B00E1C5E9 /* Build configuration list for PBXNativeTarget "EssentialFeedCacheIntegrationTests" */ = {
			isa = XCConfigurationList;
			buildConfigurations = (
				0832C68522A0223B00E1C5E9 /* Debug */,
				0832C68622A0223B00E1C5E9 /* Release */,
			);
			defaultConfigurationIsVisible = 0;
			defaultConfigurationName = Release;
		};
		08993966220359C50031B03D /* Build configuration list for PBXNativeTarget "EssentialFeedAPIEndToEndTests" */ = {
			isa = XCConfigurationList;
			buildConfigurations = (
				08993964220359C50031B03D /* Debug */,
				08993965220359C50031B03D /* Release */,
			);
			defaultConfigurationIsVisible = 0;
			defaultConfigurationName = Release;
		};
		08D917B122B92A5D003BC31B /* Build configuration list for PBXNativeTarget "EssentialFeediOS" */ = {
			isa = XCConfigurationList;
			buildConfigurations = (
				08D917B222B92A5D003BC31B /* Debug */,
				08D917B322B92A5D003BC31B /* Release */,
			);
			defaultConfigurationIsVisible = 0;
			defaultConfigurationName = Release;
		};
		08D917B422B92A5D003BC31B /* Build configuration list for PBXNativeTarget "EssentialFeediOSTests" */ = {
			isa = XCConfigurationList;
			buildConfigurations = (
				08D917B522B92A5D003BC31B /* Debug */,
				08D917B622B92A5D003BC31B /* Release */,
			);
			defaultConfigurationIsVisible = 0;
			defaultConfigurationName = Release;
		};
/* End XCConfigurationList section */

/* Begin XCVersionGroup section */
		08285AF2228BFAFF000A8987 /* FeedStore.xcdatamodeld */ = {
			isa = XCVersionGroup;
			children = (
				08604501233E2786005ECD22 /* FeedStore2.xcdatamodel */,
				08285AF3228BFAFF000A8987 /* FeedStore.xcdatamodel */,
			);
			currentVersion = 08604501233E2786005ECD22 /* FeedStore2.xcdatamodel */;
			path = FeedStore.xcdatamodeld;
			sourceTree = "<group>";
			versionGroupType = wrapper.xcdatamodel;
		};
/* End XCVersionGroup section */
	};
	rootObject = 080EDEE821B6DA7E00813479 /* Project object */;
}
