// !$*UTF8*$!
{
	archiveVersion = 1;
	classes = {
	};
	objectVersion = 50;
	objects = {

/* Begin PBXBuildFile section */
		0804862823633E780087ED48 /* FeedImageDataLoaderCacheDecoratorTests.swift in Sources */ = {isa = PBXBuildFile; fileRef = 0804862723633E780087ED48 /* FeedImageDataLoaderCacheDecoratorTests.swift */; };
		0804862A2363416F0087ED48 /* FeedImageDataLoaderSpy.swift in Sources */ = {isa = PBXBuildFile; fileRef = 080486292363416F0087ED48 /* FeedImageDataLoaderSpy.swift */; };
		0804862C236341CD0087ED48 /* XCTestCase+FeedImageDataLoader.swift in Sources */ = {isa = PBXBuildFile; fileRef = 0804862B236341CD0087ED48 /* XCTestCase+FeedImageDataLoader.swift */; };
		08048630236346090087ED48 /* FeedImageDataLoaderCacheDecorator.swift in Sources */ = {isa = PBXBuildFile; fileRef = 0804862F236346090087ED48 /* FeedImageDataLoaderCacheDecorator.swift */; };
		08073B44238D2DFA00A75DC6 /* FeedUIComposer.swift in Sources */ = {isa = PBXBuildFile; fileRef = 08073B42238D2DF900A75DC6 /* FeedUIComposer.swift */; };
		08073B45238D2DFA00A75DC6 /* FeedLoaderPresentationAdapter.swift in Sources */ = {isa = PBXBuildFile; fileRef = 08073B41238D2DF900A75DC6 /* FeedLoaderPresentationAdapter.swift */; };
		08073B46238D2DFA00A75DC6 /* MainQueueDispatchDecorator.swift in Sources */ = {isa = PBXBuildFile; fileRef = 08073B3E238D2DF900A75DC6 /* MainQueueDispatchDecorator.swift */; };
		08073B47238D2DFA00A75DC6 /* FeedImageDataLoaderPresentationAdapter.swift in Sources */ = {isa = PBXBuildFile; fileRef = 08073B3F238D2DF900A75DC6 /* FeedImageDataLoaderPresentationAdapter.swift */; };
		08073B48238D2DFA00A75DC6 /* WeakRefVirtualProxy.swift in Sources */ = {isa = PBXBuildFile; fileRef = 08073B40238D2DF900A75DC6 /* WeakRefVirtualProxy.swift */; };
		08073B49238D2DFA00A75DC6 /* FeedViewAdapter.swift in Sources */ = {isa = PBXBuildFile; fileRef = 08073B43238D2DFA00A75DC6 /* FeedViewAdapter.swift */; };
		08073B53238D2E1000A75DC6 /* UIButton+TestHelpers.swift in Sources */ = {isa = PBXBuildFile; fileRef = 08073B4C238D2E0E00A75DC6 /* UIButton+TestHelpers.swift */; };
		08073B54238D2E1000A75DC6 /* FeedImageCell+TestHelpers.swift in Sources */ = {isa = PBXBuildFile; fileRef = 08073B4E238D2E0E00A75DC6 /* FeedImageCell+TestHelpers.swift */; };
		08073B55238D2E1000A75DC6 /* FeedUIIntegrationTests+LoaderSpy.swift in Sources */ = {isa = PBXBuildFile; fileRef = 08073B4D238D2E0E00A75DC6 /* FeedUIIntegrationTests+LoaderSpy.swift */; };
		08073B56238D2E1000A75DC6 /* FeedUIIntegrationTests+Assertions.swift in Sources */ = {isa = PBXBuildFile; fileRef = 08073B52238D2E1000A75DC6 /* FeedUIIntegrationTests+Assertions.swift */; };
		08073B57238D2E1000A75DC6 /* UIControl+TestHelpers.swift in Sources */ = {isa = PBXBuildFile; fileRef = 08073B4F238D2E0F00A75DC6 /* UIControl+TestHelpers.swift */; };
		08073B58238D2E1000A75DC6 /* FeedUIIntegrationTests+Localization.swift in Sources */ = {isa = PBXBuildFile; fileRef = 08073B4B238D2E0E00A75DC6 /* FeedUIIntegrationTests+Localization.swift */; };
		08073B59238D2E1000A75DC6 /* UIImage+TestHelpers.swift in Sources */ = {isa = PBXBuildFile; fileRef = 08073B4A238D2E0E00A75DC6 /* UIImage+TestHelpers.swift */; };
		08073B5A238D2E1000A75DC6 /* UIRefreshControl+TestHelpers.swift in Sources */ = {isa = PBXBuildFile; fileRef = 08073B50238D2E0F00A75DC6 /* UIRefreshControl+TestHelpers.swift */; };
		08073B5B238D2E1000A75DC6 /* FeedViewController+TestHelpers.swift in Sources */ = {isa = PBXBuildFile; fileRef = 08073B51238D2E0F00A75DC6 /* FeedViewController+TestHelpers.swift */; };
		08073B5D238D2E2600A75DC6 /* FeedUIIntegrationTests.swift in Sources */ = {isa = PBXBuildFile; fileRef = 08073B5C238D2E2600A75DC6 /* FeedUIIntegrationTests.swift */; };
		08073B5F238D2FF100A75DC6 /* FeedAcceptanceTests.swift in Sources */ = {isa = PBXBuildFile; fileRef = 08073B5E238D2FF100A75DC6 /* FeedAcceptanceTests.swift */; };
		08075B372354C11A00127D3C /* FeedLoaderWithFallbackCompositeTests.swift in Sources */ = {isa = PBXBuildFile; fileRef = 08075B362354C11A00127D3C /* FeedLoaderWithFallbackCompositeTests.swift */; };
		082C00012359E3B2008927D3 /* FeedImageDataLoaderWithFallbackComposite.swift in Sources */ = {isa = PBXBuildFile; fileRef = 082C00002359E3B2008927D3 /* FeedImageDataLoaderWithFallbackComposite.swift */; };
		082C00042359E46C008927D3 /* XCTestCase+MemoryLeakTracking.swift in Sources */ = {isa = PBXBuildFile; fileRef = 082C00032359E46C008927D3 /* XCTestCase+MemoryLeakTracking.swift */; };
		082C00062359E4C6008927D3 /* SharedTestHelpers.swift in Sources */ = {isa = PBXBuildFile; fileRef = 082C00052359E4C6008927D3 /* SharedTestHelpers.swift */; };
		082CFFFF2359D36A008927D3 /* FeedImageDataLoaderWithFallbackCompositeTests.swift in Sources */ = {isa = PBXBuildFile; fileRef = 082CFFFE2359D36A008927D3 /* FeedImageDataLoaderWithFallbackCompositeTests.swift */; };
		0832C9D0238D2811002314C9 /* SceneDelegateTests.swift in Sources */ = {isa = PBXBuildFile; fileRef = 0832C9CF238D2811002314C9 /* SceneDelegateTests.swift */; };
		0851CDAC239AB13100C19B1D /* HTTPClientStub.swift in Sources */ = {isa = PBXBuildFile; fileRef = 0851CDAB239AB13100C19B1D /* HTTPClientStub.swift */; };
		0851CDAE239AB19000C19B1D /* InMemoryFeedStore.swift in Sources */ = {isa = PBXBuildFile; fileRef = 0851CDAD239AB19000C19B1D /* InMemoryFeedStore.swift */; };
		085BB638235A279D0013B282 /* FeedLoaderWithFallbackComposite.swift in Sources */ = {isa = PBXBuildFile; fileRef = 085BB637235A279C0013B282 /* FeedLoaderWithFallbackComposite.swift */; };
		0895DA87234B3B950031BB2D /* AppDelegate.swift in Sources */ = {isa = PBXBuildFile; fileRef = 0895DA86234B3B950031BB2D /* AppDelegate.swift */; };
		0895DA89234B3B950031BB2D /* SceneDelegate.swift in Sources */ = {isa = PBXBuildFile; fileRef = 0895DA88234B3B950031BB2D /* SceneDelegate.swift */; };
		0895DA90234B3B970031BB2D /* Assets.xcassets in Resources */ = {isa = PBXBuildFile; fileRef = 0895DA8F234B3B970031BB2D /* Assets.xcassets */; };
		0895DA93234B3B970031BB2D /* LaunchScreen.storyboard in Resources */ = {isa = PBXBuildFile; fileRef = 0895DA91234B3B970031BB2D /* LaunchScreen.storyboard */; };
		0895DAAB234B3F7E0031BB2D /* EssentialFeed.framework in Frameworks */ = {isa = PBXBuildFile; fileRef = 0895DAA9234B3F7E0031BB2D /* EssentialFeed.framework */; };
		0895DAAC234B3F7E0031BB2D /* EssentialFeed.framework in Embed Frameworks */ = {isa = PBXBuildFile; fileRef = 0895DAA9234B3F7E0031BB2D /* EssentialFeed.framework */; settings = {ATTRIBUTES = (CodeSignOnCopy, RemoveHeadersOnCopy, ); }; };
		0895DAAD234B3F7E0031BB2D /* EssentialFeediOS.framework in Frameworks */ = {isa = PBXBuildFile; fileRef = 0895DAAA234B3F7E0031BB2D /* EssentialFeediOS.framework */; };
		0895DAAE234B3F7E0031BB2D /* EssentialFeediOS.framework in Embed Frameworks */ = {isa = PBXBuildFile; fileRef = 0895DAAA234B3F7E0031BB2D /* EssentialFeediOS.framework */; settings = {ATTRIBUTES = (CodeSignOnCopy, RemoveHeadersOnCopy, ); }; };
		08F8822723648F2000CAEE16 /* FeedLoaderCacheDecoratorTests.swift in Sources */ = {isa = PBXBuildFile; fileRef = 08F8822623648F2000CAEE16 /* FeedLoaderCacheDecoratorTests.swift */; };
		08F882292364918600CAEE16 /* FeedLoaderStub.swift in Sources */ = {isa = PBXBuildFile; fileRef = 08F882282364918600CAEE16 /* FeedLoaderStub.swift */; };
		08F8822B2364928100CAEE16 /* XCTestCase+FeedLoader.swift in Sources */ = {isa = PBXBuildFile; fileRef = 08F8822A2364928100CAEE16 /* XCTestCase+FeedLoader.swift */; };
		08F8822F23649A6D00CAEE16 /* FeedLoaderCacheDecorator.swift in Sources */ = {isa = PBXBuildFile; fileRef = 08F8822E23649A6D00CAEE16 /* FeedLoaderCacheDecorator.swift */; };
/* End PBXBuildFile section */

/* Begin PBXContainerItemProxy section */
		0895DA9A234B3B980031BB2D /* PBXContainerItemProxy */ = {
			isa = PBXContainerItemProxy;
			containerPortal = 0895DA7B234B3B950031BB2D /* Project object */;
			proxyType = 1;
			remoteGlobalIDString = 0895DA82234B3B950031BB2D;
			remoteInfo = EssentialApp;
		};
/* End PBXContainerItemProxy section */

/* Begin PBXCopyFilesBuildPhase section */
		0895DAAF234B3F7F0031BB2D /* Embed Frameworks */ = {
			isa = PBXCopyFilesBuildPhase;
			buildActionMask = 2147483647;
			dstPath = "";
			dstSubfolderSpec = 10;
			files = (
				0895DAAC234B3F7E0031BB2D /* EssentialFeed.framework in Embed Frameworks */,
				0895DAAE234B3F7E0031BB2D /* EssentialFeediOS.framework in Embed Frameworks */,
			);
			name = "Embed Frameworks";
			runOnlyForDeploymentPostprocessing = 0;
		};
/* End PBXCopyFilesBuildPhase section */

/* Begin PBXFileReference section */
		0804862723633E780087ED48 /* FeedImageDataLoaderCacheDecoratorTests.swift */ = {isa = PBXFileReference; lastKnownFileType = sourcecode.swift; path = FeedImageDataLoaderCacheDecoratorTests.swift; sourceTree = "<group>"; };
		080486292363416F0087ED48 /* FeedImageDataLoaderSpy.swift */ = {isa = PBXFileReference; lastKnownFileType = sourcecode.swift; path = FeedImageDataLoaderSpy.swift; sourceTree = "<group>"; };
		0804862B236341CD0087ED48 /* XCTestCase+FeedImageDataLoader.swift */ = {isa = PBXFileReference; lastKnownFileType = sourcecode.swift; path = "XCTestCase+FeedImageDataLoader.swift"; sourceTree = "<group>"; };
		0804862F236346090087ED48 /* FeedImageDataLoaderCacheDecorator.swift */ = {isa = PBXFileReference; lastKnownFileType = sourcecode.swift; path = FeedImageDataLoaderCacheDecorator.swift; sourceTree = "<group>"; };
		08073B3E238D2DF900A75DC6 /* MainQueueDispatchDecorator.swift */ = {isa = PBXFileReference; lastKnownFileType = sourcecode.swift; path = MainQueueDispatchDecorator.swift; sourceTree = "<group>"; };
		08073B3F238D2DF900A75DC6 /* FeedImageDataLoaderPresentationAdapter.swift */ = {isa = PBXFileReference; lastKnownFileType = sourcecode.swift; path = FeedImageDataLoaderPresentationAdapter.swift; sourceTree = "<group>"; };
		08073B40238D2DF900A75DC6 /* WeakRefVirtualProxy.swift */ = {isa = PBXFileReference; lastKnownFileType = sourcecode.swift; path = WeakRefVirtualProxy.swift; sourceTree = "<group>"; };
		08073B41238D2DF900A75DC6 /* FeedLoaderPresentationAdapter.swift */ = {isa = PBXFileReference; lastKnownFileType = sourcecode.swift; path = FeedLoaderPresentationAdapter.swift; sourceTree = "<group>"; };
		08073B42238D2DF900A75DC6 /* FeedUIComposer.swift */ = {isa = PBXFileReference; lastKnownFileType = sourcecode.swift; path = FeedUIComposer.swift; sourceTree = "<group>"; };
		08073B43238D2DFA00A75DC6 /* FeedViewAdapter.swift */ = {isa = PBXFileReference; lastKnownFileType = sourcecode.swift; path = FeedViewAdapter.swift; sourceTree = "<group>"; };
		08073B4A238D2E0E00A75DC6 /* UIImage+TestHelpers.swift */ = {isa = PBXFileReference; lastKnownFileType = sourcecode.swift; path = "UIImage+TestHelpers.swift"; sourceTree = "<group>"; };
		08073B4B238D2E0E00A75DC6 /* FeedUIIntegrationTests+Localization.swift */ = {isa = PBXFileReference; lastKnownFileType = sourcecode.swift; path = "FeedUIIntegrationTests+Localization.swift"; sourceTree = "<group>"; };
		08073B4C238D2E0E00A75DC6 /* UIButton+TestHelpers.swift */ = {isa = PBXFileReference; lastKnownFileType = sourcecode.swift; path = "UIButton+TestHelpers.swift"; sourceTree = "<group>"; };
		08073B4D238D2E0E00A75DC6 /* FeedUIIntegrationTests+LoaderSpy.swift */ = {isa = PBXFileReference; lastKnownFileType = sourcecode.swift; path = "FeedUIIntegrationTests+LoaderSpy.swift"; sourceTree = "<group>"; };
		08073B4E238D2E0E00A75DC6 /* FeedImageCell+TestHelpers.swift */ = {isa = PBXFileReference; lastKnownFileType = sourcecode.swift; path = "FeedImageCell+TestHelpers.swift"; sourceTree = "<group>"; };
		08073B4F238D2E0F00A75DC6 /* UIControl+TestHelpers.swift */ = {isa = PBXFileReference; lastKnownFileType = sourcecode.swift; path = "UIControl+TestHelpers.swift"; sourceTree = "<group>"; };
		08073B50238D2E0F00A75DC6 /* UIRefreshControl+TestHelpers.swift */ = {isa = PBXFileReference; lastKnownFileType = sourcecode.swift; path = "UIRefreshControl+TestHelpers.swift"; sourceTree = "<group>"; };
		08073B51238D2E0F00A75DC6 /* FeedViewController+TestHelpers.swift */ = {isa = PBXFileReference; lastKnownFileType = sourcecode.swift; path = "FeedViewController+TestHelpers.swift"; sourceTree = "<group>"; };
		08073B52238D2E1000A75DC6 /* FeedUIIntegrationTests+Assertions.swift */ = {isa = PBXFileReference; lastKnownFileType = sourcecode.swift; path = "FeedUIIntegrationTests+Assertions.swift"; sourceTree = "<group>"; };
		08073B5C238D2E2600A75DC6 /* FeedUIIntegrationTests.swift */ = {isa = PBXFileReference; lastKnownFileType = sourcecode.swift; path = FeedUIIntegrationTests.swift; sourceTree = "<group>"; };
		08073B5E238D2FF100A75DC6 /* FeedAcceptanceTests.swift */ = {isa = PBXFileReference; lastKnownFileType = sourcecode.swift; path = FeedAcceptanceTests.swift; sourceTree = "<group>"; };
		08075B362354C11A00127D3C /* FeedLoaderWithFallbackCompositeTests.swift */ = {isa = PBXFileReference; lastKnownFileType = sourcecode.swift; path = FeedLoaderWithFallbackCompositeTests.swift; sourceTree = "<group>"; };
		082C00002359E3B2008927D3 /* FeedImageDataLoaderWithFallbackComposite.swift */ = {isa = PBXFileReference; lastKnownFileType = sourcecode.swift; path = FeedImageDataLoaderWithFallbackComposite.swift; sourceTree = "<group>"; };
		082C00032359E46C008927D3 /* XCTestCase+MemoryLeakTracking.swift */ = {isa = PBXFileReference; lastKnownFileType = sourcecode.swift; path = "XCTestCase+MemoryLeakTracking.swift"; sourceTree = "<group>"; };
		082C00052359E4C6008927D3 /* SharedTestHelpers.swift */ = {isa = PBXFileReference; lastKnownFileType = sourcecode.swift; path = SharedTestHelpers.swift; sourceTree = "<group>"; };
		082CFFFE2359D36A008927D3 /* FeedImageDataLoaderWithFallbackCompositeTests.swift */ = {isa = PBXFileReference; lastKnownFileType = sourcecode.swift; path = FeedImageDataLoaderWithFallbackCompositeTests.swift; sourceTree = "<group>"; };
		0832C9CF238D2811002314C9 /* SceneDelegateTests.swift */ = {isa = PBXFileReference; lastKnownFileType = sourcecode.swift; path = SceneDelegateTests.swift; sourceTree = "<group>"; };
		0851CDAB239AB13100C19B1D /* HTTPClientStub.swift */ = {isa = PBXFileReference; lastKnownFileType = sourcecode.swift; path = HTTPClientStub.swift; sourceTree = "<group>"; };
		0851CDAD239AB19000C19B1D /* InMemoryFeedStore.swift */ = {isa = PBXFileReference; lastKnownFileType = sourcecode.swift; path = InMemoryFeedStore.swift; sourceTree = "<group>"; };
		085BB637235A279C0013B282 /* FeedLoaderWithFallbackComposite.swift */ = {isa = PBXFileReference; fileEncoding = 4; lastKnownFileType = sourcecode.swift; path = FeedLoaderWithFallbackComposite.swift; sourceTree = "<group>"; };
		0895DA83234B3B950031BB2D /* EssentialApp.app */ = {isa = PBXFileReference; explicitFileType = wrapper.application; includeInIndex = 0; path = EssentialApp.app; sourceTree = BUILT_PRODUCTS_DIR; };
		0895DA86234B3B950031BB2D /* AppDelegate.swift */ = {isa = PBXFileReference; lastKnownFileType = sourcecode.swift; path = AppDelegate.swift; sourceTree = "<group>"; };
		0895DA88234B3B950031BB2D /* SceneDelegate.swift */ = {isa = PBXFileReference; lastKnownFileType = sourcecode.swift; path = SceneDelegate.swift; sourceTree = "<group>"; };
		0895DA8F234B3B970031BB2D /* Assets.xcassets */ = {isa = PBXFileReference; lastKnownFileType = folder.assetcatalog; path = Assets.xcassets; sourceTree = "<group>"; };
		0895DA92234B3B970031BB2D /* Base */ = {isa = PBXFileReference; lastKnownFileType = file.storyboard; name = Base; path = Base.lproj/LaunchScreen.storyboard; sourceTree = "<group>"; };
		0895DA94234B3B970031BB2D /* Info.plist */ = {isa = PBXFileReference; lastKnownFileType = text.plist.xml; path = Info.plist; sourceTree = "<group>"; };
		0895DA99234B3B980031BB2D /* EssentialAppTests.xctest */ = {isa = PBXFileReference; explicitFileType = wrapper.cfbundle; includeInIndex = 0; path = EssentialAppTests.xctest; sourceTree = BUILT_PRODUCTS_DIR; };
		0895DA9F234B3B980031BB2D /* Info.plist */ = {isa = PBXFileReference; lastKnownFileType = text.plist.xml; path = Info.plist; sourceTree = "<group>"; };
		0895DAA9234B3F7E0031BB2D /* EssentialFeed.framework */ = {isa = PBXFileReference; explicitFileType = wrapper.framework; path = EssentialFeed.framework; sourceTree = BUILT_PRODUCTS_DIR; };
		0895DAAA234B3F7E0031BB2D /* EssentialFeediOS.framework */ = {isa = PBXFileReference; explicitFileType = wrapper.framework; path = EssentialFeediOS.framework; sourceTree = BUILT_PRODUCTS_DIR; };
		08F8822623648F2000CAEE16 /* FeedLoaderCacheDecoratorTests.swift */ = {isa = PBXFileReference; lastKnownFileType = sourcecode.swift; path = FeedLoaderCacheDecoratorTests.swift; sourceTree = "<group>"; };
		08F882282364918600CAEE16 /* FeedLoaderStub.swift */ = {isa = PBXFileReference; lastKnownFileType = sourcecode.swift; path = FeedLoaderStub.swift; sourceTree = "<group>"; };
		08F8822A2364928100CAEE16 /* XCTestCase+FeedLoader.swift */ = {isa = PBXFileReference; lastKnownFileType = sourcecode.swift; path = "XCTestCase+FeedLoader.swift"; sourceTree = "<group>"; };
		08F8822E23649A6D00CAEE16 /* FeedLoaderCacheDecorator.swift */ = {isa = PBXFileReference; lastKnownFileType = sourcecode.swift; path = FeedLoaderCacheDecorator.swift; sourceTree = "<group>"; };
/* End PBXFileReference section */

/* Begin PBXFrameworksBuildPhase section */
		0895DA80234B3B950031BB2D /* Frameworks */ = {
			isa = PBXFrameworksBuildPhase;
			buildActionMask = 2147483647;
			files = (
				0895DAAB234B3F7E0031BB2D /* EssentialFeed.framework in Frameworks */,
				0895DAAD234B3F7E0031BB2D /* EssentialFeediOS.framework in Frameworks */,
			);
			runOnlyForDeploymentPostprocessing = 0;
		};
		0895DA96234B3B980031BB2D /* Frameworks */ = {
			isa = PBXFrameworksBuildPhase;
			buildActionMask = 2147483647;
			files = (
			);
			runOnlyForDeploymentPostprocessing = 0;
		};
/* End PBXFrameworksBuildPhase section */

/* Begin PBXGroup section */
		082C00022359E43F008927D3 /* Helpers */ = {
			isa = PBXGroup;
			children = (
				08073B4A238D2E0E00A75DC6 /* UIImage+TestHelpers.swift */,
				08073B50238D2E0F00A75DC6 /* UIRefreshControl+TestHelpers.swift */,
				08073B4C238D2E0E00A75DC6 /* UIButton+TestHelpers.swift */,
				08073B4F238D2E0F00A75DC6 /* UIControl+TestHelpers.swift */,
				08073B51238D2E0F00A75DC6 /* FeedViewController+TestHelpers.swift */,
				08073B4E238D2E0E00A75DC6 /* FeedImageCell+TestHelpers.swift */,
				08073B4D238D2E0E00A75DC6 /* FeedUIIntegrationTests+LoaderSpy.swift */,
				08073B52238D2E1000A75DC6 /* FeedUIIntegrationTests+Assertions.swift */,
				08073B4B238D2E0E00A75DC6 /* FeedUIIntegrationTests+Localization.swift */,
				082C00032359E46C008927D3 /* XCTestCase+MemoryLeakTracking.swift */,
				08F8822A2364928100CAEE16 /* XCTestCase+FeedLoader.swift */,
				0804862B236341CD0087ED48 /* XCTestCase+FeedImageDataLoader.swift */,
				082C00052359E4C6008927D3 /* SharedTestHelpers.swift */,
				08F882282364918600CAEE16 /* FeedLoaderStub.swift */,
				080486292363416F0087ED48 /* FeedImageDataLoaderSpy.swift */,
				0851CDAB239AB13100C19B1D /* HTTPClientStub.swift */,
				0851CDAD239AB19000C19B1D /* InMemoryFeedStore.swift */,
			);
			path = Helpers;
			sourceTree = "<group>";
		};
		0895DA7A234B3B950031BB2D = {
			isa = PBXGroup;
			children = (
				0895DA85234B3B950031BB2D /* EssentialApp */,
				0895DA9C234B3B980031BB2D /* EssentialAppTests */,
				0895DA84234B3B950031BB2D /* Products */,
				0895DAA8234B3F7E0031BB2D /* Frameworks */,
			);
			sourceTree = "<group>";
		};
		0895DA84234B3B950031BB2D /* Products */ = {
			isa = PBXGroup;
			children = (
				0895DA83234B3B950031BB2D /* EssentialApp.app */,
				0895DA99234B3B980031BB2D /* EssentialAppTests.xctest */,
			);
			name = Products;
			sourceTree = "<group>";
		};
		0895DA85234B3B950031BB2D /* EssentialApp */ = {
			isa = PBXGroup;
			children = (
				0895DA86234B3B950031BB2D /* AppDelegate.swift */,
				0895DA88234B3B950031BB2D /* SceneDelegate.swift */,
				08073B42238D2DF900A75DC6 /* FeedUIComposer.swift */,
				08073B3E238D2DF900A75DC6 /* MainQueueDispatchDecorator.swift */,
				08073B40238D2DF900A75DC6 /* WeakRefVirtualProxy.swift */,
				08073B3F238D2DF900A75DC6 /* FeedImageDataLoaderPresentationAdapter.swift */,
				08073B41238D2DF900A75DC6 /* FeedLoaderPresentationAdapter.swift */,
				08073B43238D2DFA00A75DC6 /* FeedViewAdapter.swift */,
				085BB637235A279C0013B282 /* FeedLoaderWithFallbackComposite.swift */,
				08F8822E23649A6D00CAEE16 /* FeedLoaderCacheDecorator.swift */,
				082C00002359E3B2008927D3 /* FeedImageDataLoaderWithFallbackComposite.swift */,
				0804862F236346090087ED48 /* FeedImageDataLoaderCacheDecorator.swift */,
				0895DA8F234B3B970031BB2D /* Assets.xcassets */,
				0895DA91234B3B970031BB2D /* LaunchScreen.storyboard */,
				0895DA94234B3B970031BB2D /* Info.plist */,
			);
			path = EssentialApp;
			sourceTree = "<group>";
		};
		0895DA9C234B3B980031BB2D /* EssentialAppTests */ = {
			isa = PBXGroup;
			children = (
				0895DA9F234B3B980031BB2D /* Info.plist */,
				082C00022359E43F008927D3 /* Helpers */,
				0832C9CF238D2811002314C9 /* SceneDelegateTests.swift */,
				08073B5E238D2FF100A75DC6 /* FeedAcceptanceTests.swift */,
				08073B5C238D2E2600A75DC6 /* FeedUIIntegrationTests.swift */,
				08075B362354C11A00127D3C /* FeedLoaderWithFallbackCompositeTests.swift */,
				08F8822623648F2000CAEE16 /* FeedLoaderCacheDecoratorTests.swift */,
				082CFFFE2359D36A008927D3 /* FeedImageDataLoaderWithFallbackCompositeTests.swift */,
				0804862723633E780087ED48 /* FeedImageDataLoaderCacheDecoratorTests.swift */,
			);
			path = EssentialAppTests;
			sourceTree = "<group>";
		};
		0895DAA8234B3F7E0031BB2D /* Frameworks */ = {
			isa = PBXGroup;
			children = (
				0895DAA9234B3F7E0031BB2D /* EssentialFeed.framework */,
				0895DAAA234B3F7E0031BB2D /* EssentialFeediOS.framework */,
			);
			name = Frameworks;
			sourceTree = "<group>";
		};
/* End PBXGroup section */

/* Begin PBXNativeTarget section */
		0895DA82234B3B950031BB2D /* EssentialApp */ = {
			isa = PBXNativeTarget;
			buildConfigurationList = 0895DAA2234B3B980031BB2D /* Build configuration list for PBXNativeTarget "EssentialApp" */;
			buildPhases = (
				0895DA7F234B3B950031BB2D /* Sources */,
				0895DA80234B3B950031BB2D /* Frameworks */,
				0895DA81234B3B950031BB2D /* Resources */,
				0895DAAF234B3F7F0031BB2D /* Embed Frameworks */,
			);
			buildRules = (
			);
			dependencies = (
			);
			name = EssentialApp;
			productName = EssentialApp;
			productReference = 0895DA83234B3B950031BB2D /* EssentialApp.app */;
			productType = "com.apple.product-type.application";
		};
		0895DA98234B3B980031BB2D /* EssentialAppTests */ = {
			isa = PBXNativeTarget;
			buildConfigurationList = 0895DAA5234B3B980031BB2D /* Build configuration list for PBXNativeTarget "EssentialAppTests" */;
			buildPhases = (
				0895DA95234B3B980031BB2D /* Sources */,
				0895DA96234B3B980031BB2D /* Frameworks */,
				0895DA97234B3B980031BB2D /* Resources */,
			);
			buildRules = (
			);
			dependencies = (
				0895DA9B234B3B980031BB2D /* PBXTargetDependency */,
			);
			name = EssentialAppTests;
			productName = EssentialAppTests;
			productReference = 0895DA99234B3B980031BB2D /* EssentialAppTests.xctest */;
			productType = "com.apple.product-type.bundle.unit-test";
		};
/* End PBXNativeTarget section */

/* Begin PBXProject section */
		0895DA7B234B3B950031BB2D /* Project object */ = {
			isa = PBXProject;
			attributes = {
				LastSwiftUpdateCheck = 1120;
				LastUpgradeCheck = 1100;
				ORGANIZATIONNAME = "Essential Developer";
				TargetAttributes = {
					0895DA82234B3B950031BB2D = {
						CreatedOnToolsVersion = 11.0;
					};
					0895DA98234B3B980031BB2D = {
						CreatedOnToolsVersion = 11.0;
						LastSwiftMigration = 1110;
						TestTargetID = 0895DA82234B3B950031BB2D;
					};
				};
			};
			buildConfigurationList = 0895DA7E234B3B950031BB2D /* Build configuration list for PBXProject "EssentialApp" */;
			compatibilityVersion = "Xcode 9.3";
			developmentRegion = en;
			hasScannedForEncodings = 0;
			knownRegions = (
				en,
				Base,
			);
			mainGroup = 0895DA7A234B3B950031BB2D;
			productRefGroup = 0895DA84234B3B950031BB2D /* Products */;
			projectDirPath = "";
			projectRoot = "";
			targets = (
				0895DA82234B3B950031BB2D /* EssentialApp */,
				0895DA98234B3B980031BB2D /* EssentialAppTests */,
			);
		};
/* End PBXProject section */

/* Begin PBXResourcesBuildPhase section */
		0895DA81234B3B950031BB2D /* Resources */ = {
			isa = PBXResourcesBuildPhase;
			buildActionMask = 2147483647;
			files = (
				0895DA93234B3B970031BB2D /* LaunchScreen.storyboard in Resources */,
				0895DA90234B3B970031BB2D /* Assets.xcassets in Resources */,
			);
			runOnlyForDeploymentPostprocessing = 0;
		};
		0895DA97234B3B980031BB2D /* Resources */ = {
			isa = PBXResourcesBuildPhase;
			buildActionMask = 2147483647;
			files = (
			);
			runOnlyForDeploymentPostprocessing = 0;
		};
/* End PBXResourcesBuildPhase section */

/* Begin PBXSourcesBuildPhase section */
		0895DA7F234B3B950031BB2D /* Sources */ = {
			isa = PBXSourcesBuildPhase;
			buildActionMask = 2147483647;
			files = (
				082C00012359E3B2008927D3 /* FeedImageDataLoaderWithFallbackComposite.swift in Sources */,
				08073B44238D2DFA00A75DC6 /* FeedUIComposer.swift in Sources */,
				0895DA87234B3B950031BB2D /* AppDelegate.swift in Sources */,
				08073B45238D2DFA00A75DC6 /* FeedLoaderPresentationAdapter.swift in Sources */,
				085BB638235A279D0013B282 /* FeedLoaderWithFallbackComposite.swift in Sources */,
				08F8822F23649A6D00CAEE16 /* FeedLoaderCacheDecorator.swift in Sources */,
				08073B46238D2DFA00A75DC6 /* MainQueueDispatchDecorator.swift in Sources */,
				08048630236346090087ED48 /* FeedImageDataLoaderCacheDecorator.swift in Sources */,
				08073B47238D2DFA00A75DC6 /* FeedImageDataLoaderPresentationAdapter.swift in Sources */,
				08073B48238D2DFA00A75DC6 /* WeakRefVirtualProxy.swift in Sources */,
				0895DA89234B3B950031BB2D /* SceneDelegate.swift in Sources */,
				08073B49238D2DFA00A75DC6 /* FeedViewAdapter.swift in Sources */,
			);
			runOnlyForDeploymentPostprocessing = 0;
		};
		0895DA95234B3B980031BB2D /* Sources */ = {
			isa = PBXSourcesBuildPhase;
			buildActionMask = 2147483647;
			files = (
				08073B55238D2E1000A75DC6 /* FeedUIIntegrationTests+LoaderSpy.swift in Sources */,
				082C00062359E4C6008927D3 /* SharedTestHelpers.swift in Sources */,
				08F8822B2364928100CAEE16 /* XCTestCase+FeedLoader.swift in Sources */,
				08073B57238D2E1000A75DC6 /* UIControl+TestHelpers.swift in Sources */,
				08F8822723648F2000CAEE16 /* FeedLoaderCacheDecoratorTests.swift in Sources */,
				08073B56238D2E1000A75DC6 /* FeedUIIntegrationTests+Assertions.swift in Sources */,
				0804862823633E780087ED48 /* FeedImageDataLoaderCacheDecoratorTests.swift in Sources */,
				0832C9D0238D2811002314C9 /* SceneDelegateTests.swift in Sources */,
				08073B5B238D2E1000A75DC6 /* FeedViewController+TestHelpers.swift in Sources */,
				08073B58238D2E1000A75DC6 /* FeedUIIntegrationTests+Localization.swift in Sources */,
				08073B53238D2E1000A75DC6 /* UIButton+TestHelpers.swift in Sources */,
				0851CDAE239AB19000C19B1D /* InMemoryFeedStore.swift in Sources */,
				0804862C236341CD0087ED48 /* XCTestCase+FeedImageDataLoader.swift in Sources */,
				08073B59238D2E1000A75DC6 /* UIImage+TestHelpers.swift in Sources */,
				082CFFFF2359D36A008927D3 /* FeedImageDataLoaderWithFallbackCompositeTests.swift in Sources */,
				0804862A2363416F0087ED48 /* FeedImageDataLoaderSpy.swift in Sources */,
				0851CDAC239AB13100C19B1D /* HTTPClientStub.swift in Sources */,
				08073B5A238D2E1000A75DC6 /* UIRefreshControl+TestHelpers.swift in Sources */,
				08073B54238D2E1000A75DC6 /* FeedImageCell+TestHelpers.swift in Sources */,
				08075B372354C11A00127D3C /* FeedLoaderWithFallbackCompositeTests.swift in Sources */,
				08073B5F238D2FF100A75DC6 /* FeedAcceptanceTests.swift in Sources */,
				08F882292364918600CAEE16 /* FeedLoaderStub.swift in Sources */,
				08073B5D238D2E2600A75DC6 /* FeedUIIntegrationTests.swift in Sources */,
				082C00042359E46C008927D3 /* XCTestCase+MemoryLeakTracking.swift in Sources */,
			);
			runOnlyForDeploymentPostprocessing = 0;
		};
/* End PBXSourcesBuildPhase section */

/* Begin PBXTargetDependency section */
		0895DA9B234B3B980031BB2D /* PBXTargetDependency */ = {
			isa = PBXTargetDependency;
			target = 0895DA82234B3B950031BB2D /* EssentialApp */;
			targetProxy = 0895DA9A234B3B980031BB2D /* PBXContainerItemProxy */;
		};
/* End PBXTargetDependency section */

/* Begin PBXVariantGroup section */
		0895DA91234B3B970031BB2D /* LaunchScreen.storyboard */ = {
			isa = PBXVariantGroup;
			children = (
				0895DA92234B3B970031BB2D /* Base */,
			);
			name = LaunchScreen.storyboard;
			sourceTree = "<group>";
		};
/* End PBXVariantGroup section */

/* Begin XCBuildConfiguration section */
		0895DAA0234B3B980031BB2D /* Debug */ = {
			isa = XCBuildConfiguration;
			buildSettings = {
				ALWAYS_SEARCH_USER_PATHS = NO;
				CLANG_ANALYZER_NONNULL = YES;
				CLANG_ANALYZER_NUMBER_OBJECT_CONVERSION = YES_AGGRESSIVE;
				CLANG_CXX_LANGUAGE_STANDARD = "gnu++14";
				CLANG_CXX_LIBRARY = "libc++";
				CLANG_ENABLE_MODULES = YES;
				CLANG_ENABLE_OBJC_ARC = YES;
				CLANG_ENABLE_OBJC_WEAK = YES;
				CLANG_WARN_BLOCK_CAPTURE_AUTORELEASING = YES;
				CLANG_WARN_BOOL_CONVERSION = YES;
				CLANG_WARN_COMMA = YES;
				CLANG_WARN_CONSTANT_CONVERSION = YES;
				CLANG_WARN_DEPRECATED_OBJC_IMPLEMENTATIONS = YES;
				CLANG_WARN_DIRECT_OBJC_ISA_USAGE = YES_ERROR;
				CLANG_WARN_DOCUMENTATION_COMMENTS = YES;
				CLANG_WARN_EMPTY_BODY = YES;
				CLANG_WARN_ENUM_CONVERSION = YES;
				CLANG_WARN_INFINITE_RECURSION = YES;
				CLANG_WARN_INT_CONVERSION = YES;
				CLANG_WARN_NON_LITERAL_NULL_CONVERSION = YES;
				CLANG_WARN_OBJC_IMPLICIT_RETAIN_SELF = YES;
				CLANG_WARN_OBJC_LITERAL_CONVERSION = YES;
				CLANG_WARN_OBJC_ROOT_CLASS = YES_ERROR;
				CLANG_WARN_RANGE_LOOP_ANALYSIS = YES;
				CLANG_WARN_STRICT_PROTOTYPES = YES;
				CLANG_WARN_SUSPICIOUS_MOVE = YES;
				CLANG_WARN_UNGUARDED_AVAILABILITY = YES_AGGRESSIVE;
				CLANG_WARN_UNREACHABLE_CODE = YES;
				CLANG_WARN__DUPLICATE_METHOD_MATCH = YES;
				COPY_PHASE_STRIP = NO;
				DEBUG_INFORMATION_FORMAT = dwarf;
				ENABLE_STRICT_OBJC_MSGSEND = YES;
				ENABLE_TESTABILITY = YES;
				GCC_C_LANGUAGE_STANDARD = gnu11;
				GCC_DYNAMIC_NO_PIC = NO;
				GCC_NO_COMMON_BLOCKS = YES;
				GCC_OPTIMIZATION_LEVEL = 0;
				GCC_PREPROCESSOR_DEFINITIONS = (
					"DEBUG=1",
					"$(inherited)",
				);
				GCC_WARN_64_TO_32_BIT_CONVERSION = YES;
				GCC_WARN_ABOUT_RETURN_TYPE = YES_ERROR;
				GCC_WARN_UNDECLARED_SELECTOR = YES;
				GCC_WARN_UNINITIALIZED_AUTOS = YES_AGGRESSIVE;
				GCC_WARN_UNUSED_FUNCTION = YES;
				GCC_WARN_UNUSED_VARIABLE = YES;
				IPHONEOS_DEPLOYMENT_TARGET = 13.0;
				MTL_ENABLE_DEBUG_INFO = INCLUDE_SOURCE;
				MTL_FAST_MATH = YES;
				ONLY_ACTIVE_ARCH = YES;
				SDKROOT = iphoneos;
				SWIFT_ACTIVE_COMPILATION_CONDITIONS = DEBUG;
				SWIFT_OPTIMIZATION_LEVEL = "-Onone";
			};
			name = Debug;
		};
		0895DAA1234B3B980031BB2D /* Release */ = {
			isa = XCBuildConfiguration;
			buildSettings = {
				ALWAYS_SEARCH_USER_PATHS = NO;
				CLANG_ANALYZER_NONNULL = YES;
				CLANG_ANALYZER_NUMBER_OBJECT_CONVERSION = YES_AGGRESSIVE;
				CLANG_CXX_LANGUAGE_STANDARD = "gnu++14";
				CLANG_CXX_LIBRARY = "libc++";
				CLANG_ENABLE_MODULES = YES;
				CLANG_ENABLE_OBJC_ARC = YES;
				CLANG_ENABLE_OBJC_WEAK = YES;
				CLANG_WARN_BLOCK_CAPTURE_AUTORELEASING = YES;
				CLANG_WARN_BOOL_CONVERSION = YES;
				CLANG_WARN_COMMA = YES;
				CLANG_WARN_CONSTANT_CONVERSION = YES;
				CLANG_WARN_DEPRECATED_OBJC_IMPLEMENTATIONS = YES;
				CLANG_WARN_DIRECT_OBJC_ISA_USAGE = YES_ERROR;
				CLANG_WARN_DOCUMENTATION_COMMENTS = YES;
				CLANG_WARN_EMPTY_BODY = YES;
				CLANG_WARN_ENUM_CONVERSION = YES;
				CLANG_WARN_INFINITE_RECURSION = YES;
				CLANG_WARN_INT_CONVERSION = YES;
				CLANG_WARN_NON_LITERAL_NULL_CONVERSION = YES;
				CLANG_WARN_OBJC_IMPLICIT_RETAIN_SELF = YES;
				CLANG_WARN_OBJC_LITERAL_CONVERSION = YES;
				CLANG_WARN_OBJC_ROOT_CLASS = YES_ERROR;
				CLANG_WARN_RANGE_LOOP_ANALYSIS = YES;
				CLANG_WARN_STRICT_PROTOTYPES = YES;
				CLANG_WARN_SUSPICIOUS_MOVE = YES;
				CLANG_WARN_UNGUARDED_AVAILABILITY = YES_AGGRESSIVE;
				CLANG_WARN_UNREACHABLE_CODE = YES;
				CLANG_WARN__DUPLICATE_METHOD_MATCH = YES;
				COPY_PHASE_STRIP = NO;
				DEBUG_INFORMATION_FORMAT = "dwarf-with-dsym";
				ENABLE_NS_ASSERTIONS = NO;
				ENABLE_STRICT_OBJC_MSGSEND = YES;
				GCC_C_LANGUAGE_STANDARD = gnu11;
				GCC_NO_COMMON_BLOCKS = YES;
				GCC_WARN_64_TO_32_BIT_CONVERSION = YES;
				GCC_WARN_ABOUT_RETURN_TYPE = YES_ERROR;
				GCC_WARN_UNDECLARED_SELECTOR = YES;
				GCC_WARN_UNINITIALIZED_AUTOS = YES_AGGRESSIVE;
				GCC_WARN_UNUSED_FUNCTION = YES;
				GCC_WARN_UNUSED_VARIABLE = YES;
				IPHONEOS_DEPLOYMENT_TARGET = 13.0;
				MTL_ENABLE_DEBUG_INFO = NO;
				MTL_FAST_MATH = YES;
				SDKROOT = iphoneos;
				SWIFT_COMPILATION_MODE = wholemodule;
				SWIFT_OPTIMIZATION_LEVEL = "-O";
				VALIDATE_PRODUCT = YES;
			};
			name = Release;
		};
		0895DAA3234B3B980031BB2D /* Debug */ = {
			isa = XCBuildConfiguration;
			buildSettings = {
				ASSETCATALOG_COMPILER_APPICON_NAME = AppIcon;
				CODE_SIGN_STYLE = Automatic;
				DEVELOPMENT_TEAM = VRJ2W4578X;
				INFOPLIST_FILE = EssentialApp/Info.plist;
				LD_RUNPATH_SEARCH_PATHS = (
					"$(inherited)",
					"@executable_path/Frameworks",
				);
				PRODUCT_BUNDLE_IDENTIFIER = com.essentialdeveloper.EssentialApp;
				PRODUCT_NAME = "$(TARGET_NAME)";
				SWIFT_VERSION = 5.0;
				TARGETED_DEVICE_FAMILY = "1,2";
			};
			name = Debug;
		};
		0895DAA4234B3B980031BB2D /* Release */ = {
			isa = XCBuildConfiguration;
			buildSettings = {
				ASSETCATALOG_COMPILER_APPICON_NAME = AppIcon;
				CODE_SIGN_STYLE = Automatic;
				DEVELOPMENT_TEAM = VRJ2W4578X;
				INFOPLIST_FILE = EssentialApp/Info.plist;
				LD_RUNPATH_SEARCH_PATHS = (
					"$(inherited)",
					"@executable_path/Frameworks",
				);
				PRODUCT_BUNDLE_IDENTIFIER = com.essentialdeveloper.EssentialApp;
				PRODUCT_NAME = "$(TARGET_NAME)";
				SWIFT_VERSION = 5.0;
				TARGETED_DEVICE_FAMILY = "1,2";
			};
			name = Release;
		};
		0895DAA6234B3B980031BB2D /* Debug */ = {
			isa = XCBuildConfiguration;
			buildSettings = {
				ALWAYS_EMBED_SWIFT_STANDARD_LIBRARIES = YES;
				BUNDLE_LOADER = "$(TEST_HOST)";
				CLANG_ENABLE_MODULES = YES;
				CODE_SIGN_STYLE = Automatic;
				DEVELOPMENT_TEAM = VRJ2W4578X;
				INFOPLIST_FILE = EssentialAppTests/Info.plist;
				IPHONEOS_DEPLOYMENT_TARGET = 13.0;
				LD_RUNPATH_SEARCH_PATHS = (
					"$(inherited)",
					"@executable_path/Frameworks",
					"@loader_path/Frameworks",
				);
				PRODUCT_BUNDLE_IDENTIFIER = com.essentialdeveloper.EssentialAppTests;
				PRODUCT_NAME = "$(TARGET_NAME)";
				SWIFT_OPTIMIZATION_LEVEL = "-Onone";
				SWIFT_VERSION = 5.0;
				TARGETED_DEVICE_FAMILY = "1,2";
				TEST_HOST = "$(BUILT_PRODUCTS_DIR)/EssentialApp.app/EssentialApp";
			};
			name = Debug;
		};
		0895DAA7234B3B980031BB2D /* Release */ = {
			isa = XCBuildConfiguration;
			buildSettings = {
				ALWAYS_EMBED_SWIFT_STANDARD_LIBRARIES = YES;
				BUNDLE_LOADER = "$(TEST_HOST)";
				CLANG_ENABLE_MODULES = YES;
				CODE_SIGN_STYLE = Automatic;
				DEVELOPMENT_TEAM = VRJ2W4578X;
				INFOPLIST_FILE = EssentialAppTests/Info.plist;
				IPHONEOS_DEPLOYMENT_TARGET = 13.0;
				LD_RUNPATH_SEARCH_PATHS = (
					"$(inherited)",
					"@executable_path/Frameworks",
					"@loader_path/Frameworks",
				);
				PRODUCT_BUNDLE_IDENTIFIER = com.essentialdeveloper.EssentialAppTests;
				PRODUCT_NAME = "$(TARGET_NAME)";
				SWIFT_VERSION = 5.0;
				TARGETED_DEVICE_FAMILY = "1,2";
				TEST_HOST = "$(BUILT_PRODUCTS_DIR)/EssentialApp.app/EssentialApp";
			};
			name = Release;
		};
/* End XCBuildConfiguration section */

/* Begin XCConfigurationList section */
		0895DA7E234B3B950031BB2D /* Build configuration list for PBXProject "EssentialApp" */ = {
			isa = XCConfigurationList;
			buildConfigurations = (
				0895DAA0234B3B980031BB2D /* Debug */,
				0895DAA1234B3B980031BB2D /* Release */,
			);
			defaultConfigurationIsVisible = 0;
			defaultConfigurationName = Release;
		};
		0895DAA2234B3B980031BB2D /* Build configuration list for PBXNativeTarget "EssentialApp" */ = {
			isa = XCConfigurationList;
			buildConfigurations = (
				0895DAA3234B3B980031BB2D /* Debug */,
				0895DAA4234B3B980031BB2D /* Release */,
			);
			defaultConfigurationIsVisible = 0;
			defaultConfigurationName = Release;
		};
		0895DAA5234B3B980031BB2D /* Build configuration list for PBXNativeTarget "EssentialAppTests" */ = {
			isa = XCConfigurationList;
			buildConfigurations = (
				0895DAA6234B3B980031BB2D /* Debug */,
				0895DAA7234B3B980031BB2D /* Release */,
			);
			defaultConfigurationIsVisible = 0;
			defaultConfigurationName = Release;
		};
/* End XCConfigurationList section */
	};
	rootObject = 0895DA7B234B3B950031BB2D /* Project object */;
}
